// !$*UTF8*$!
{
	archiveVersion = 1;
	classes = {
	};
	objectVersion = 56;
	objects = {

/* Begin PBXBuildFile section */
		710C6FF82BCECA0E003851B1 /* FeedViewModel.swift in Sources */ = {isa = PBXBuildFile; fileRef = 710C6FF72BCECA0E003851B1 /* FeedViewModel.swift */; };
		710C6FFB2BCECC9A003851B1 /* CardView.swift in Sources */ = {isa = PBXBuildFile; fileRef = 710C6FFA2BCECC9A003851B1 /* CardView.swift */; };
		711D001F2BFE0596007FA5ED /* CoordinatorView.swift in Sources */ = {isa = PBXBuildFile; fileRef = 711D001E2BFE0596007FA5ED /* CoordinatorView.swift */; };
		71249C1C2C063632003C1549 /* TabsView.swift in Sources */ = {isa = PBXBuildFile; fileRef = 71249C1B2C063632003C1549 /* TabsView.swift */; };
		712BD9312B7E96F900DCF07B /* CategoryEntity.swift in Sources */ = {isa = PBXBuildFile; fileRef = 712BD9302B7E96F900DCF07B /* CategoryEntity.swift */; };
		712BD9332B7E977600DCF07B /* ApiCategoryMapper.swift in Sources */ = {isa = PBXBuildFile; fileRef = 712BD9322B7E977600DCF07B /* ApiCategoryMapper.swift */; };
		712BD9352B7E97B500DCF07B /* Category.swift in Sources */ = {isa = PBXBuildFile; fileRef = 712BD9342B7E97B500DCF07B /* Category.swift */; };
		712BD9372B7E98BE00DCF07B /* ApiFeedImageMapper.swift in Sources */ = {isa = PBXBuildFile; fileRef = 712BD9362B7E98BE00DCF07B /* ApiFeedImageMapper.swift */; };
		712EF0482C19B4710075A29A /* FavoritesView.swift in Sources */ = {isa = PBXBuildFile; fileRef = 712EF0472C19B4710075A29A /* FavoritesView.swift */; };
		712EF04A2C19B4B10075A29A /* FavoritesViewModel.swift in Sources */ = {isa = PBXBuildFile; fileRef = 712EF0492C19B4B10075A29A /* FavoritesViewModel.swift */; };
		712EF04C2C19B61A0075A29A /* FavoriteEntity.swift in Sources */ = {isa = PBXBuildFile; fileRef = 712EF04B2C19B61A0075A29A /* FavoriteEntity.swift */; };
		712EF04E2C19B91E0075A29A /* Favorite.swift in Sources */ = {isa = PBXBuildFile; fileRef = 712EF04D2C19B91E0075A29A /* Favorite.swift */; };
		712EF0502C19B9650075A29A /* ApiFavoriteMapper.swift in Sources */ = {isa = PBXBuildFile; fileRef = 712EF04F2C19B9650075A29A /* ApiFavoriteMapper.swift */; };
		713466E12BA8B167003BB72A /* ErrorManager.swift in Sources */ = {isa = PBXBuildFile; fileRef = 713466E02BA8B167003BB72A /* ErrorManager.swift */; };
		713466E42BA8BE1F003BB72A /* CatError.swift in Sources */ = {isa = PBXBuildFile; fileRef = 713466E32BA8BE1F003BB72A /* CatError.swift */; };
		714976152C1712E200D6FE2E /* ButtonGradientOutline.swift in Sources */ = {isa = PBXBuildFile; fileRef = 714976142C1712E200D6FE2E /* ButtonGradientOutline.swift */; };
		714D394B2BEAA88400BFF68A /* BreedsView.swift in Sources */ = {isa = PBXBuildFile; fileRef = 714D394A2BEAA88400BFF68A /* BreedsView.swift */; };
		714D394D2BEAB04700BFF68A /* BreedsViewModel.swift in Sources */ = {isa = PBXBuildFile; fileRef = 714D394C2BEAB04700BFF68A /* BreedsViewModel.swift */; };
		71502EB62B7553B9006DF80B /* ApiTransformer.swift in Sources */ = {isa = PBXBuildFile; fileRef = 71502EB52B7553B9006DF80B /* ApiTransformer.swift */; };
		71502EB92B755418006DF80B /* ApiWeightMapper.swift in Sources */ = {isa = PBXBuildFile; fileRef = 71502EB82B755418006DF80B /* ApiWeightMapper.swift */; };
		71502EBB2B755493006DF80B /* Mapper.swift in Sources */ = {isa = PBXBuildFile; fileRef = 71502EBA2B755493006DF80B /* Mapper.swift */; };
		71502EBD2B75566D006DF80B /* ApiBreedMapper.swift in Sources */ = {isa = PBXBuildFile; fileRef = 71502EBC2B75566D006DF80B /* ApiBreedMapper.swift */; };
		71674CB62BA9AD3F002C0027 /* NetworkReachability.swift in Sources */ = {isa = PBXBuildFile; fileRef = 71674CB52BA9AD3F002C0027 /* NetworkReachability.swift */; };
		716B1AD62B68049A007CC300 /* WeightEntity.swift in Sources */ = {isa = PBXBuildFile; fileRef = 716B1AD52B68049A007CC300 /* WeightEntity.swift */; };
		716B1AD82B680587007CC300 /* FeedImageEntity.swift in Sources */ = {isa = PBXBuildFile; fileRef = 716B1AD72B680587007CC300 /* FeedImageEntity.swift */; };
		716B1ADA2B680D7E007CC300 /* FeedImage.swift in Sources */ = {isa = PBXBuildFile; fileRef = 716B1AD92B680D7E007CC300 /* FeedImage.swift */; };
		718F9DF52B616B0E0089CB8A /* Breed.swift in Sources */ = {isa = PBXBuildFile; fileRef = 718F9DF42B616B0E0089CB8A /* Breed.swift */; };
		718F9DF72B616B300089CB8A /* Weight.swift in Sources */ = {isa = PBXBuildFile; fileRef = 718F9DF62B616B300089CB8A /* Weight.swift */; };
		718F9DFA2B6183050089CB8A /* BreedEntity.swift in Sources */ = {isa = PBXBuildFile; fileRef = 718F9DF92B6183050089CB8A /* BreedEntity.swift */; };
		719A86142BD97B970028C674 /* CardViewModel.swift in Sources */ = {isa = PBXBuildFile; fileRef = 719A86132BD97B970028C674 /* CardViewModel.swift */; };
		719A86162BD9AF4F0028C674 /* FeedView.swift in Sources */ = {isa = PBXBuildFile; fileRef = 719A86152BD9AF4F0028C674 /* FeedView.swift */; };
		71A16B942C2566E4006646A2 /* AppDelegate.swift in Sources */ = {isa = PBXBuildFile; fileRef = 71A16B932C2566E4006646A2 /* AppDelegate.swift */; };
		71A878362B714BEC003059CD /* ApiManager.swift in Sources */ = {isa = PBXBuildFile; fileRef = 71A878352B714BEC003059CD /* ApiManager.swift */; };
		71E2C0ED2C10CCCB008AE21D /* ErrorAlert.swift in Sources */ = {isa = PBXBuildFile; fileRef = 71E2C0EC2C10CCCB008AE21D /* ErrorAlert.swift */; };
		71E2C0F02C10CD99008AE21D /* ViewExtension.swift in Sources */ = {isa = PBXBuildFile; fileRef = 71E2C0EF2C10CD99008AE21D /* ViewExtension.swift */; };
		71F025702BEFDFC700CB7112 /* ProfileView.swift in Sources */ = {isa = PBXBuildFile; fileRef = 71F0256F2BEFDFC700CB7112 /* ProfileView.swift */; };
		71FA93A22BFC016500C9B748 /* Coordinator.swift in Sources */ = {isa = PBXBuildFile; fileRef = 71FA93A12BFC016500C9B748 /* Coordinator.swift */; };
		71FA93A42BFC019800C9B748 /* Navigator.swift in Sources */ = {isa = PBXBuildFile; fileRef = 71FA93A32BFC019800C9B748 /* Navigator.swift */; };
		71FA93A62BFC048800C9B748 /* NavigationView.swift in Sources */ = {isa = PBXBuildFile; fileRef = 71FA93A52BFC048800C9B748 /* NavigationView.swift */; };
		71FA93A82BFC049A00C9B748 /* NavigationModalType.swift in Sources */ = {isa = PBXBuildFile; fileRef = 71FA93A72BFC049A00C9B748 /* NavigationModalType.swift */; };
		8FD3E5812B0A1B3F0042C3C5 /* catOSApp.swift in Sources */ = {isa = PBXBuildFile; fileRef = 8FD3E5802B0A1B3F0042C3C5 /* catOSApp.swift */; };
		8FD3E5832B0A1B3F0042C3C5 /* ContentView.swift in Sources */ = {isa = PBXBuildFile; fileRef = 8FD3E5822B0A1B3F0042C3C5 /* ContentView.swift */; };
		8FD3E5852B0A1B400042C3C5 /* Assets.xcassets in Resources */ = {isa = PBXBuildFile; fileRef = 8FD3E5842B0A1B400042C3C5 /* Assets.xcassets */; };
		8FD3E5892B0A1B400042C3C5 /* Preview Assets.xcassets in Resources */ = {isa = PBXBuildFile; fileRef = 8FD3E5882B0A1B400042C3C5 /* Preview Assets.xcassets */; };
		8FD3E5922B0A1C630042C3C5 /* RequestManager.swift in Sources */ = {isa = PBXBuildFile; fileRef = 8FD3E5912B0A1C630042C3C5 /* RequestManager.swift */; };
		8FD3E5942B0A1E920042C3C5 /* ApiRouter.swift in Sources */ = {isa = PBXBuildFile; fileRef = 8FD3E5932B0A1E920042C3C5 /* ApiRouter.swift */; };
/* End PBXBuildFile section */

/* Begin PBXFileReference section */
		710C6FF72BCECA0E003851B1 /* FeedViewModel.swift */ = {isa = PBXFileReference; lastKnownFileType = sourcecode.swift; path = FeedViewModel.swift; sourceTree = "<group>"; };
		710C6FFA2BCECC9A003851B1 /* CardView.swift */ = {isa = PBXFileReference; lastKnownFileType = sourcecode.swift; path = CardView.swift; sourceTree = "<group>"; };
		711D001E2BFE0596007FA5ED /* CoordinatorView.swift */ = {isa = PBXFileReference; lastKnownFileType = sourcecode.swift; path = CoordinatorView.swift; sourceTree = "<group>"; };
		71249C1B2C063632003C1549 /* TabsView.swift */ = {isa = PBXFileReference; lastKnownFileType = sourcecode.swift; path = TabsView.swift; sourceTree = "<group>"; };
		712BD9302B7E96F900DCF07B /* CategoryEntity.swift */ = {isa = PBXFileReference; lastKnownFileType = sourcecode.swift; path = CategoryEntity.swift; sourceTree = "<group>"; };
		712BD9322B7E977600DCF07B /* ApiCategoryMapper.swift */ = {isa = PBXFileReference; lastKnownFileType = sourcecode.swift; path = ApiCategoryMapper.swift; sourceTree = "<group>"; };
		712BD9342B7E97B500DCF07B /* Category.swift */ = {isa = PBXFileReference; lastKnownFileType = sourcecode.swift; path = Category.swift; sourceTree = "<group>"; };
		712BD9362B7E98BE00DCF07B /* ApiFeedImageMapper.swift */ = {isa = PBXFileReference; lastKnownFileType = sourcecode.swift; path = ApiFeedImageMapper.swift; sourceTree = "<group>"; };
		712EF0472C19B4710075A29A /* FavoritesView.swift */ = {isa = PBXFileReference; lastKnownFileType = sourcecode.swift; path = FavoritesView.swift; sourceTree = "<group>"; };
		712EF0492C19B4B10075A29A /* FavoritesViewModel.swift */ = {isa = PBXFileReference; lastKnownFileType = sourcecode.swift; path = FavoritesViewModel.swift; sourceTree = "<group>"; };
		712EF04B2C19B61A0075A29A /* FavoriteEntity.swift */ = {isa = PBXFileReference; lastKnownFileType = sourcecode.swift; path = FavoriteEntity.swift; sourceTree = "<group>"; };
		712EF04D2C19B91E0075A29A /* Favorite.swift */ = {isa = PBXFileReference; lastKnownFileType = sourcecode.swift; path = Favorite.swift; sourceTree = "<group>"; };
		712EF04F2C19B9650075A29A /* ApiFavoriteMapper.swift */ = {isa = PBXFileReference; lastKnownFileType = sourcecode.swift; path = ApiFavoriteMapper.swift; sourceTree = "<group>"; };
		713466DC2BA8AB09003BB72A /* Config.xcconfig */ = {isa = PBXFileReference; fileEncoding = 4; lastKnownFileType = text.xcconfig; path = Config.xcconfig; sourceTree = "<group>"; };
		713466E02BA8B167003BB72A /* ErrorManager.swift */ = {isa = PBXFileReference; lastKnownFileType = sourcecode.swift; path = ErrorManager.swift; sourceTree = "<group>"; };
		713466E32BA8BE1F003BB72A /* CatError.swift */ = {isa = PBXFileReference; lastKnownFileType = sourcecode.swift; path = CatError.swift; sourceTree = "<group>"; };
		714976142C1712E200D6FE2E /* ButtonGradientOutline.swift */ = {isa = PBXFileReference; lastKnownFileType = sourcecode.swift; path = ButtonGradientOutline.swift; sourceTree = "<group>"; };
		714D394A2BEAA88400BFF68A /* BreedsView.swift */ = {isa = PBXFileReference; lastKnownFileType = sourcecode.swift; path = BreedsView.swift; sourceTree = "<group>"; };
		714D394C2BEAB04700BFF68A /* BreedsViewModel.swift */ = {isa = PBXFileReference; lastKnownFileType = sourcecode.swift; path = BreedsViewModel.swift; sourceTree = "<group>"; };
		71502EB52B7553B9006DF80B /* ApiTransformer.swift */ = {isa = PBXFileReference; lastKnownFileType = sourcecode.swift; path = ApiTransformer.swift; sourceTree = "<group>"; };
		71502EB82B755418006DF80B /* ApiWeightMapper.swift */ = {isa = PBXFileReference; lastKnownFileType = sourcecode.swift; path = ApiWeightMapper.swift; sourceTree = "<group>"; };
		71502EBA2B755493006DF80B /* Mapper.swift */ = {isa = PBXFileReference; lastKnownFileType = sourcecode.swift; path = Mapper.swift; sourceTree = "<group>"; };
		71502EBC2B75566D006DF80B /* ApiBreedMapper.swift */ = {isa = PBXFileReference; lastKnownFileType = sourcecode.swift; path = ApiBreedMapper.swift; sourceTree = "<group>"; };
		71674CB52BA9AD3F002C0027 /* NetworkReachability.swift */ = {isa = PBXFileReference; lastKnownFileType = sourcecode.swift; path = NetworkReachability.swift; sourceTree = "<group>"; };
		716B1AD52B68049A007CC300 /* WeightEntity.swift */ = {isa = PBXFileReference; lastKnownFileType = sourcecode.swift; path = WeightEntity.swift; sourceTree = "<group>"; };
		716B1AD72B680587007CC300 /* FeedImageEntity.swift */ = {isa = PBXFileReference; lastKnownFileType = sourcecode.swift; path = FeedImageEntity.swift; sourceTree = "<group>"; };
		716B1AD92B680D7E007CC300 /* FeedImage.swift */ = {isa = PBXFileReference; lastKnownFileType = sourcecode.swift; path = FeedImage.swift; sourceTree = "<group>"; };
		7182749E2B8D0637007B1634 /* Info.plist */ = {isa = PBXFileReference; lastKnownFileType = text.plist.xml; path = Info.plist; sourceTree = "<group>"; };
		718F9DF42B616B0E0089CB8A /* Breed.swift */ = {isa = PBXFileReference; lastKnownFileType = sourcecode.swift; path = Breed.swift; sourceTree = "<group>"; };
		718F9DF62B616B300089CB8A /* Weight.swift */ = {isa = PBXFileReference; lastKnownFileType = sourcecode.swift; path = Weight.swift; sourceTree = "<group>"; };
		718F9DF92B6183050089CB8A /* BreedEntity.swift */ = {isa = PBXFileReference; lastKnownFileType = sourcecode.swift; path = BreedEntity.swift; sourceTree = "<group>"; };
		719A86132BD97B970028C674 /* CardViewModel.swift */ = {isa = PBXFileReference; lastKnownFileType = sourcecode.swift; path = CardViewModel.swift; sourceTree = "<group>"; };
		719A86152BD9AF4F0028C674 /* FeedView.swift */ = {isa = PBXFileReference; lastKnownFileType = sourcecode.swift; path = FeedView.swift; sourceTree = "<group>"; };
		71A16B932C2566E4006646A2 /* AppDelegate.swift */ = {isa = PBXFileReference; lastKnownFileType = sourcecode.swift; path = AppDelegate.swift; sourceTree = "<group>"; };
		71A878352B714BEC003059CD /* ApiManager.swift */ = {isa = PBXFileReference; lastKnownFileType = sourcecode.swift; path = ApiManager.swift; sourceTree = "<group>"; };
		71E2C0EC2C10CCCB008AE21D /* ErrorAlert.swift */ = {isa = PBXFileReference; lastKnownFileType = sourcecode.swift; path = ErrorAlert.swift; sourceTree = "<group>"; };
		71E2C0EF2C10CD99008AE21D /* ViewExtension.swift */ = {isa = PBXFileReference; lastKnownFileType = sourcecode.swift; path = ViewExtension.swift; sourceTree = "<group>"; };
		71F0256F2BEFDFC700CB7112 /* ProfileView.swift */ = {isa = PBXFileReference; lastKnownFileType = sourcecode.swift; path = ProfileView.swift; sourceTree = "<group>"; };
		71FA93A12BFC016500C9B748 /* Coordinator.swift */ = {isa = PBXFileReference; lastKnownFileType = sourcecode.swift; path = Coordinator.swift; sourceTree = "<group>"; };
		71FA93A32BFC019800C9B748 /* Navigator.swift */ = {isa = PBXFileReference; lastKnownFileType = sourcecode.swift; path = Navigator.swift; sourceTree = "<group>"; };
		71FA93A52BFC048800C9B748 /* NavigationView.swift */ = {isa = PBXFileReference; lastKnownFileType = sourcecode.swift; path = NavigationView.swift; sourceTree = "<group>"; };
		71FA93A72BFC049A00C9B748 /* NavigationModalType.swift */ = {isa = PBXFileReference; lastKnownFileType = sourcecode.swift; path = NavigationModalType.swift; sourceTree = "<group>"; };
		8F48C0342B13DAA700B84C2B /* MyPlayground.playground */ = {isa = PBXFileReference; lastKnownFileType = file.playground; path = MyPlayground.playground; sourceTree = "<group>"; xcLanguageSpecificationIdentifier = xcode.lang.swift; };
		8FD3E57D2B0A1B3F0042C3C5 /* catOS.app */ = {isa = PBXFileReference; explicitFileType = wrapper.application; includeInIndex = 0; path = catOS.app; sourceTree = BUILT_PRODUCTS_DIR; };
		8FD3E5802B0A1B3F0042C3C5 /* catOSApp.swift */ = {isa = PBXFileReference; lastKnownFileType = sourcecode.swift; path = catOSApp.swift; sourceTree = "<group>"; };
		8FD3E5822B0A1B3F0042C3C5 /* ContentView.swift */ = {isa = PBXFileReference; lastKnownFileType = sourcecode.swift; path = ContentView.swift; sourceTree = "<group>"; };
		8FD3E5842B0A1B400042C3C5 /* Assets.xcassets */ = {isa = PBXFileReference; lastKnownFileType = folder.assetcatalog; path = Assets.xcassets; sourceTree = "<group>"; };
		8FD3E5862B0A1B400042C3C5 /* catOS.entitlements */ = {isa = PBXFileReference; lastKnownFileType = text.plist.entitlements; path = catOS.entitlements; sourceTree = "<group>"; };
		8FD3E5882B0A1B400042C3C5 /* Preview Assets.xcassets */ = {isa = PBXFileReference; lastKnownFileType = folder.assetcatalog; path = "Preview Assets.xcassets"; sourceTree = "<group>"; };
		8FD3E5912B0A1C630042C3C5 /* RequestManager.swift */ = {isa = PBXFileReference; lastKnownFileType = sourcecode.swift; path = RequestManager.swift; sourceTree = "<group>"; };
		8FD3E5932B0A1E920042C3C5 /* ApiRouter.swift */ = {isa = PBXFileReference; lastKnownFileType = sourcecode.swift; path = ApiRouter.swift; sourceTree = "<group>"; };
/* End PBXFileReference section */

/* Begin PBXFrameworksBuildPhase section */
		8FD3E57A2B0A1B3F0042C3C5 /* Frameworks */ = {
			isa = PBXFrameworksBuildPhase;
			buildActionMask = 2147483647;
			files = (
			);
			runOnlyForDeploymentPostprocessing = 0;
		};
/* End PBXFrameworksBuildPhase section */

/* Begin PBXGroup section */
		710C6FF62BCEC9F1003851B1 /* ViewModels */ = {
			isa = PBXGroup;
			children = (
				710C6FF72BCECA0E003851B1 /* FeedViewModel.swift */,
				719A86132BD97B970028C674 /* CardViewModel.swift */,
				714D394C2BEAB04700BFF68A /* BreedsViewModel.swift */,
				712EF0492C19B4B10075A29A /* FavoritesViewModel.swift */,
			);
			path = ViewModels;
			sourceTree = "<group>";
		};
		710C6FF92BCECC51003851B1 /* Views */ = {
			isa = PBXGroup;
			children = (
				714976132C1711B800D6FE2E /* Custom */,
				71E2C0EB2C10CCB6008AE21D /* ViewModifiers */,
				710C6FFA2BCECC9A003851B1 /* CardView.swift */,
				719A86152BD9AF4F0028C674 /* FeedView.swift */,
				714D394A2BEAA88400BFF68A /* BreedsView.swift */,
				71F0256F2BEFDFC700CB7112 /* ProfileView.swift */,
				711D001E2BFE0596007FA5ED /* CoordinatorView.swift */,
				71249C1B2C063632003C1549 /* TabsView.swift */,
				712EF0472C19B4710075A29A /* FavoritesView.swift */,
			);
			path = Views;
			sourceTree = "<group>";
		};
		713466E22BA8B220003BB72A /* Error */ = {
			isa = PBXGroup;
			children = (
				713466E02BA8B167003BB72A /* ErrorManager.swift */,
				713466E32BA8BE1F003BB72A /* CatError.swift */,
			);
			path = Error;
			sourceTree = "<group>";
		};
		714976132C1711B800D6FE2E /* Custom */ = {
			isa = PBXGroup;
			children = (
				714976142C1712E200D6FE2E /* ButtonGradientOutline.swift */,
			);
			path = Custom;
			sourceTree = "<group>";
		};
		71502EB72B7553CA006DF80B /* Transformers */ = {
			isa = PBXGroup;
			children = (
				71502EB52B7553B9006DF80B /* ApiTransformer.swift */,
				71502EB82B755418006DF80B /* ApiWeightMapper.swift */,
				71502EBA2B755493006DF80B /* Mapper.swift */,
				71502EBC2B75566D006DF80B /* ApiBreedMapper.swift */,
				712BD9322B7E977600DCF07B /* ApiCategoryMapper.swift */,
				712BD9362B7E98BE00DCF07B /* ApiFeedImageMapper.swift */,
				712EF04F2C19B9650075A29A /* ApiFavoriteMapper.swift */,
			);
			path = Transformers;
			sourceTree = "<group>";
		};
		71674CB42BA9AD1F002C0027 /* Utilities */ = {
			isa = PBXGroup;
			children = (
				71674CB52BA9AD3F002C0027 /* NetworkReachability.swift */,
			);
			path = Utilities;
			sourceTree = "<group>";
		};
		716B1ADB2B68175E007CC300 /* Api */ = {
			isa = PBXGroup;
			children = (
				71502EB72B7553CA006DF80B /* Transformers */,
				8FD3E5912B0A1C630042C3C5 /* RequestManager.swift */,
				8FD3E5932B0A1E920042C3C5 /* ApiRouter.swift */,
				71A878352B714BEC003059CD /* ApiManager.swift */,
			);
			path = Api;
			sourceTree = "<group>";
		};
		718F9DF32B616B010089CB8A /* Models */ = {
			isa = PBXGroup;
			children = (
				718F9DF82B6182F80089CB8A /* Entities */,
				718F9DF42B616B0E0089CB8A /* Breed.swift */,
				718F9DF62B616B300089CB8A /* Weight.swift */,
				716B1AD92B680D7E007CC300 /* FeedImage.swift */,
				712BD9342B7E97B500DCF07B /* Category.swift */,
				712EF04D2C19B91E0075A29A /* Favorite.swift */,
			);
			path = Models;
			sourceTree = "<group>";
		};
		718F9DF82B6182F80089CB8A /* Entities */ = {
			isa = PBXGroup;
			children = (
				718F9DF92B6183050089CB8A /* BreedEntity.swift */,
				716B1AD52B68049A007CC300 /* WeightEntity.swift */,
				716B1AD72B680587007CC300 /* FeedImageEntity.swift */,
				712BD9302B7E96F900DCF07B /* CategoryEntity.swift */,
				712EF04B2C19B61A0075A29A /* FavoriteEntity.swift */,
			);
			path = Entities;
			sourceTree = "<group>";
		};
		71E2C0EB2C10CCB6008AE21D /* ViewModifiers */ = {
			isa = PBXGroup;
			children = (
				71E2C0EC2C10CCCB008AE21D /* ErrorAlert.swift */,
			);
			path = ViewModifiers;
			sourceTree = "<group>";
		};
		71E2C0EE2C10CD7F008AE21D /* Extensions */ = {
			isa = PBXGroup;
			children = (
				71E2C0EF2C10CD99008AE21D /* ViewExtension.swift */,
			);
			path = Extensions;
			sourceTree = "<group>";
		};
		71FA939D2BFC012E00C9B748 /* Coordinator */ = {
			isa = PBXGroup;
			children = (
				71FA93A12BFC016500C9B748 /* Coordinator.swift */,
				71FA93A32BFC019800C9B748 /* Navigator.swift */,
				71FA93A52BFC048800C9B748 /* NavigationView.swift */,
				71FA93A72BFC049A00C9B748 /* NavigationModalType.swift */,
			);
			path = Coordinator;
			sourceTree = "<group>";
		};
		8FD3E5742B0A1B3F0042C3C5 = {
			isa = PBXGroup;
			children = (
				713466DC2BA8AB09003BB72A /* Config.xcconfig */,
				8FD3E57F2B0A1B3F0042C3C5 /* catOS */,
				8FD3E57E2B0A1B3F0042C3C5 /* Products */,
			);
			sourceTree = "<group>";
		};
		8FD3E57E2B0A1B3F0042C3C5 /* Products */ = {
			isa = PBXGroup;
			children = (
				8FD3E57D2B0A1B3F0042C3C5 /* catOS.app */,
			);
			name = Products;
			sourceTree = "<group>";
		};
		8FD3E57F2B0A1B3F0042C3C5 /* catOS */ = {
			isa = PBXGroup;
			children = (
				8FD3E58F2B0A1C400042C3C5 /* Classes */,
				8FD3E5802B0A1B3F0042C3C5 /* catOSApp.swift */,
				8FD3E5822B0A1B3F0042C3C5 /* ContentView.swift */,
				8FD3E5842B0A1B400042C3C5 /* Assets.xcassets */,
				8FD3E5862B0A1B400042C3C5 /* catOS.entitlements */,
				8FD3E5872B0A1B400042C3C5 /* Preview Content */,
				8F48C0342B13DAA700B84C2B /* MyPlayground.playground */,
				7182749E2B8D0637007B1634 /* Info.plist */,
			);
			path = catOS;
			sourceTree = "<group>";
		};
		8FD3E5872B0A1B400042C3C5 /* Preview Content */ = {
			isa = PBXGroup;
			children = (
				8FD3E5882B0A1B400042C3C5 /* Preview Assets.xcassets */,
			);
			path = "Preview Content";
			sourceTree = "<group>";
		};
		8FD3E58F2B0A1C400042C3C5 /* Classes */ = {
			isa = PBXGroup;
			children = (
				71E2C0EE2C10CD7F008AE21D /* Extensions */,
				71FA939D2BFC012E00C9B748 /* Coordinator */,
				710C6FF92BCECC51003851B1 /* Views */,
				710C6FF62BCEC9F1003851B1 /* ViewModels */,
				71674CB42BA9AD1F002C0027 /* Utilities */,
				718F9DF32B616B010089CB8A /* Models */,
				8FD3E5902B0A1C4C0042C3C5 /* Managers */,
				71A16B932C2566E4006646A2 /* AppDelegate.swift */,
			);
			path = Classes;
			sourceTree = "<group>";
		};
		8FD3E5902B0A1C4C0042C3C5 /* Managers */ = {
			isa = PBXGroup;
			children = (
				713466E22BA8B220003BB72A /* Error */,
				716B1ADB2B68175E007CC300 /* Api */,
			);
			path = Managers;
			sourceTree = "<group>";
		};
/* End PBXGroup section */

/* Begin PBXNativeTarget section */
		8FD3E57C2B0A1B3F0042C3C5 /* catOS */ = {
			isa = PBXNativeTarget;
			buildConfigurationList = 8FD3E58C2B0A1B400042C3C5 /* Build configuration list for PBXNativeTarget "catOS" */;
			buildPhases = (
				8FD3E5792B0A1B3F0042C3C5 /* Sources */,
				8FD3E57A2B0A1B3F0042C3C5 /* Frameworks */,
				8FD3E57B2B0A1B3F0042C3C5 /* Resources */,
			);
			buildRules = (
			);
			dependencies = (
			);
			name = catOS;
			productName = catOS;
			productReference = 8FD3E57D2B0A1B3F0042C3C5 /* catOS.app */;
			productType = "com.apple.product-type.application";
		};
/* End PBXNativeTarget section */

/* Begin PBXProject section */
		8FD3E5752B0A1B3F0042C3C5 /* Project object */ = {
			isa = PBXProject;
			attributes = {
				BuildIndependentTargetsInParallel = 1;
				LastSwiftUpdateCheck = 1500;
				LastUpgradeCheck = 1500;
				TargetAttributes = {
					8FD3E57C2B0A1B3F0042C3C5 = {
						CreatedOnToolsVersion = 15.0;
					};
				};
			};
			buildConfigurationList = 8FD3E5782B0A1B3F0042C3C5 /* Build configuration list for PBXProject "catOS" */;
			compatibilityVersion = "Xcode 14.0";
			developmentRegion = en;
			hasScannedForEncodings = 0;
			knownRegions = (
				en,
				Base,
			);
			mainGroup = 8FD3E5742B0A1B3F0042C3C5;
			productRefGroup = 8FD3E57E2B0A1B3F0042C3C5 /* Products */;
			projectDirPath = "";
			projectRoot = "";
			targets = (
				8FD3E57C2B0A1B3F0042C3C5 /* catOS */,
			);
		};
/* End PBXProject section */

/* Begin PBXResourcesBuildPhase section */
		8FD3E57B2B0A1B3F0042C3C5 /* Resources */ = {
			isa = PBXResourcesBuildPhase;
			buildActionMask = 2147483647;
			files = (
				8FD3E5892B0A1B400042C3C5 /* Preview Assets.xcassets in Resources */,
				8FD3E5852B0A1B400042C3C5 /* Assets.xcassets in Resources */,
			);
			runOnlyForDeploymentPostprocessing = 0;
		};
/* End PBXResourcesBuildPhase section */

/* Begin PBXSourcesBuildPhase section */
		8FD3E5792B0A1B3F0042C3C5 /* Sources */ = {
			isa = PBXSourcesBuildPhase;
			buildActionMask = 2147483647;
			files = (
				71A16B942C2566E4006646A2 /* AppDelegate.swift in Sources */,
				71674CB62BA9AD3F002C0027 /* NetworkReachability.swift in Sources */,
				719A86162BD9AF4F0028C674 /* FeedView.swift in Sources */,
				71249C1C2C063632003C1549 /* TabsView.swift in Sources */,
				71502EBD2B75566D006DF80B /* ApiBreedMapper.swift in Sources */,
				716B1AD82B680587007CC300 /* FeedImageEntity.swift in Sources */,
				71FA93A62BFC048800C9B748 /* NavigationView.swift in Sources */,
				712EF04C2C19B61A0075A29A /* FavoriteEntity.swift in Sources */,
				712BD9352B7E97B500DCF07B /* Category.swift in Sources */,
				71FA93A42BFC019800C9B748 /* Navigator.swift in Sources */,
				712EF04E2C19B91E0075A29A /* Favorite.swift in Sources */,
				713466E42BA8BE1F003BB72A /* CatError.swift in Sources */,
				8FD3E5832B0A1B3F0042C3C5 /* ContentView.swift in Sources */,
				718F9DFA2B6183050089CB8A /* BreedEntity.swift in Sources */,
				71502EB62B7553B9006DF80B /* ApiTransformer.swift in Sources */,
				719A86142BD97B970028C674 /* CardViewModel.swift in Sources */,
				71502EBB2B755493006DF80B /* Mapper.swift in Sources */,
				716B1AD62B68049A007CC300 /* WeightEntity.swift in Sources */,
				712EF04A2C19B4B10075A29A /* FavoritesViewModel.swift in Sources */,
				71A878362B714BEC003059CD /* ApiManager.swift in Sources */,
				71FA93A82BFC049A00C9B748 /* NavigationModalType.swift in Sources */,
				71FA93A22BFC016500C9B748 /* Coordinator.swift in Sources */,
				714D394D2BEAB04700BFF68A /* BreedsViewModel.swift in Sources */,
				713466E12BA8B167003BB72A /* ErrorManager.swift in Sources */,
				712EF0482C19B4710075A29A /* FavoritesView.swift in Sources */,
				711D001F2BFE0596007FA5ED /* CoordinatorView.swift in Sources */,
				8FD3E5942B0A1E920042C3C5 /* ApiRouter.swift in Sources */,
				714D394B2BEAA88400BFF68A /* BreedsView.swift in Sources */,
				716B1ADA2B680D7E007CC300 /* FeedImage.swift in Sources */,
				710C6FFB2BCECC9A003851B1 /* CardView.swift in Sources */,
				710C6FF82BCECA0E003851B1 /* FeedViewModel.swift in Sources */,
				8FD3E5922B0A1C630042C3C5 /* RequestManager.swift in Sources */,
				712BD9332B7E977600DCF07B /* ApiCategoryMapper.swift in Sources */,
				71F025702BEFDFC700CB7112 /* ProfileView.swift in Sources */,
				712EF0502C19B9650075A29A /* ApiFavoriteMapper.swift in Sources */,
				712BD9312B7E96F900DCF07B /* CategoryEntity.swift in Sources */,
				718F9DF52B616B0E0089CB8A /* Breed.swift in Sources */,
				714976152C1712E200D6FE2E /* ButtonGradientOutline.swift in Sources */,
				8FD3E5812B0A1B3F0042C3C5 /* catOSApp.swift in Sources */,
				71502EB92B755418006DF80B /* ApiWeightMapper.swift in Sources */,
				712BD9372B7E98BE00DCF07B /* ApiFeedImageMapper.swift in Sources */,
				71E2C0F02C10CD99008AE21D /* ViewExtension.swift in Sources */,
				718F9DF72B616B300089CB8A /* Weight.swift in Sources */,
				71E2C0ED2C10CCCB008AE21D /* ErrorAlert.swift in Sources */,
			);
			runOnlyForDeploymentPostprocessing = 0;
		};
/* End PBXSourcesBuildPhase section */

/* Begin XCBuildConfiguration section */
		8FD3E58A2B0A1B400042C3C5 /* Debug */ = {
			isa = XCBuildConfiguration;
			baseConfigurationReference = 713466DC2BA8AB09003BB72A /* Config.xcconfig */;
			buildSettings = {
				ALWAYS_SEARCH_USER_PATHS = NO;
				ASSETCATALOG_COMPILER_GENERATE_SWIFT_ASSET_SYMBOL_EXTENSIONS = YES;
				CLANG_ANALYZER_NONNULL = YES;
				CLANG_ANALYZER_NUMBER_OBJECT_CONVERSION = YES_AGGRESSIVE;
				CLANG_CXX_LANGUAGE_STANDARD = "gnu++20";
				CLANG_ENABLE_MODULES = YES;
				CLANG_ENABLE_OBJC_ARC = YES;
				CLANG_ENABLE_OBJC_WEAK = YES;
				CLANG_WARN_BLOCK_CAPTURE_AUTORELEASING = YES;
				CLANG_WARN_BOOL_CONVERSION = YES;
				CLANG_WARN_COMMA = YES;
				CLANG_WARN_CONSTANT_CONVERSION = YES;
				CLANG_WARN_DEPRECATED_OBJC_IMPLEMENTATIONS = YES;
				CLANG_WARN_DIRECT_OBJC_ISA_USAGE = YES_ERROR;
				CLANG_WARN_DOCUMENTATION_COMMENTS = YES;
				CLANG_WARN_EMPTY_BODY = YES;
				CLANG_WARN_ENUM_CONVERSION = YES;
				CLANG_WARN_INFINITE_RECURSION = YES;
				CLANG_WARN_INT_CONVERSION = YES;
				CLANG_WARN_NON_LITERAL_NULL_CONVERSION = YES;
				CLANG_WARN_OBJC_IMPLICIT_RETAIN_SELF = YES;
				CLANG_WARN_OBJC_LITERAL_CONVERSION = YES;
				CLANG_WARN_OBJC_ROOT_CLASS = YES_ERROR;
				CLANG_WARN_QUOTED_INCLUDE_IN_FRAMEWORK_HEADER = YES;
				CLANG_WARN_RANGE_LOOP_ANALYSIS = YES;
				CLANG_WARN_STRICT_PROTOTYPES = YES;
				CLANG_WARN_SUSPICIOUS_MOVE = YES;
				CLANG_WARN_UNGUARDED_AVAILABILITY = YES_AGGRESSIVE;
				CLANG_WARN_UNREACHABLE_CODE = YES;
				CLANG_WARN__DUPLICATE_METHOD_MATCH = YES;
				COPY_PHASE_STRIP = NO;
				DEBUG_INFORMATION_FORMAT = dwarf;
				ENABLE_STRICT_OBJC_MSGSEND = YES;
				ENABLE_TESTABILITY = YES;
				ENABLE_USER_SCRIPT_SANDBOXING = YES;
				GCC_C_LANGUAGE_STANDARD = gnu17;
				GCC_DYNAMIC_NO_PIC = NO;
				GCC_NO_COMMON_BLOCKS = YES;
				GCC_OPTIMIZATION_LEVEL = 0;
				GCC_PREPROCESSOR_DEFINITIONS = (
					"DEBUG=1",
					"$(inherited)",
				);
				GCC_WARN_64_TO_32_BIT_CONVERSION = YES;
				GCC_WARN_ABOUT_RETURN_TYPE = YES_ERROR;
				GCC_WARN_UNDECLARED_SELECTOR = YES;
				GCC_WARN_UNINITIALIZED_AUTOS = YES_AGGRESSIVE;
				GCC_WARN_UNUSED_FUNCTION = YES;
				GCC_WARN_UNUSED_VARIABLE = YES;
				LOCALIZATION_PREFERS_STRING_CATALOGS = YES;
				MTL_ENABLE_DEBUG_INFO = INCLUDE_SOURCE;
				MTL_FAST_MATH = YES;
				ONLY_ACTIVE_ARCH = YES;
				SWIFT_ACTIVE_COMPILATION_CONDITIONS = "DEBUG $(inherited)";
				SWIFT_OPTIMIZATION_LEVEL = "-Onone";
			};
			name = Debug;
		};
		8FD3E58B2B0A1B400042C3C5 /* Release */ = {
			isa = XCBuildConfiguration;
			baseConfigurationReference = 713466DC2BA8AB09003BB72A /* Config.xcconfig */;
			buildSettings = {
				ALWAYS_SEARCH_USER_PATHS = NO;
				ASSETCATALOG_COMPILER_GENERATE_SWIFT_ASSET_SYMBOL_EXTENSIONS = YES;
				CLANG_ANALYZER_NONNULL = YES;
				CLANG_ANALYZER_NUMBER_OBJECT_CONVERSION = YES_AGGRESSIVE;
				CLANG_CXX_LANGUAGE_STANDARD = "gnu++20";
				CLANG_ENABLE_MODULES = YES;
				CLANG_ENABLE_OBJC_ARC = YES;
				CLANG_ENABLE_OBJC_WEAK = YES;
				CLANG_WARN_BLOCK_CAPTURE_AUTORELEASING = YES;
				CLANG_WARN_BOOL_CONVERSION = YES;
				CLANG_WARN_COMMA = YES;
				CLANG_WARN_CONSTANT_CONVERSION = YES;
				CLANG_WARN_DEPRECATED_OBJC_IMPLEMENTATIONS = YES;
				CLANG_WARN_DIRECT_OBJC_ISA_USAGE = YES_ERROR;
				CLANG_WARN_DOCUMENTATION_COMMENTS = YES;
				CLANG_WARN_EMPTY_BODY = YES;
				CLANG_WARN_ENUM_CONVERSION = YES;
				CLANG_WARN_INFINITE_RECURSION = YES;
				CLANG_WARN_INT_CONVERSION = YES;
				CLANG_WARN_NON_LITERAL_NULL_CONVERSION = YES;
				CLANG_WARN_OBJC_IMPLICIT_RETAIN_SELF = YES;
				CLANG_WARN_OBJC_LITERAL_CONVERSION = YES;
				CLANG_WARN_OBJC_ROOT_CLASS = YES_ERROR;
				CLANG_WARN_QUOTED_INCLUDE_IN_FRAMEWORK_HEADER = YES;
				CLANG_WARN_RANGE_LOOP_ANALYSIS = YES;
				CLANG_WARN_STRICT_PROTOTYPES = YES;
				CLANG_WARN_SUSPICIOUS_MOVE = YES;
				CLANG_WARN_UNGUARDED_AVAILABILITY = YES_AGGRESSIVE;
				CLANG_WARN_UNREACHABLE_CODE = YES;
				CLANG_WARN__DUPLICATE_METHOD_MATCH = YES;
				COPY_PHASE_STRIP = NO;
				DEBUG_INFORMATION_FORMAT = "dwarf-with-dsym";
				ENABLE_NS_ASSERTIONS = NO;
				ENABLE_STRICT_OBJC_MSGSEND = YES;
				ENABLE_USER_SCRIPT_SANDBOXING = YES;
				GCC_C_LANGUAGE_STANDARD = gnu17;
				GCC_NO_COMMON_BLOCKS = YES;
				GCC_WARN_64_TO_32_BIT_CONVERSION = YES;
				GCC_WARN_ABOUT_RETURN_TYPE = YES_ERROR;
				GCC_WARN_UNDECLARED_SELECTOR = YES;
				GCC_WARN_UNINITIALIZED_AUTOS = YES_AGGRESSIVE;
				GCC_WARN_UNUSED_FUNCTION = YES;
				GCC_WARN_UNUSED_VARIABLE = YES;
				LOCALIZATION_PREFERS_STRING_CATALOGS = YES;
				MTL_ENABLE_DEBUG_INFO = NO;
				MTL_FAST_MATH = YES;
				SWIFT_COMPILATION_MODE = wholemodule;
			};
			name = Release;
		};
		8FD3E58D2B0A1B400042C3C5 /* Debug */ = {
			isa = XCBuildConfiguration;
			buildSettings = {
				ASSETCATALOG_COMPILER_APPICON_NAME = AppIcon;
				ASSETCATALOG_COMPILER_GLOBAL_ACCENT_COLOR_NAME = AccentColor;
				CODE_SIGN_ENTITLEMENTS = catOS/catOS.entitlements;
				CODE_SIGN_STYLE = Automatic;
				CURRENT_PROJECT_VERSION = 1;
				DEVELOPMENT_ASSET_PATHS = "\"catOS/Preview Content\"";
				ENABLE_PREVIEWS = YES;
				GENERATE_INFOPLIST_FILE = NO;
				INFOPLIST_FILE = /Users/rosadiez/work/catOS/catOS/Info.plist;
				"INFOPLIST_KEY_UIApplicationSceneManifest_Generation[sdk=iphoneos*]" = YES;
				"INFOPLIST_KEY_UIApplicationSceneManifest_Generation[sdk=iphonesimulator*]" = YES;
				"INFOPLIST_KEY_UIApplicationSupportsIndirectInputEvents[sdk=iphoneos*]" = YES;
				"INFOPLIST_KEY_UIApplicationSupportsIndirectInputEvents[sdk=iphonesimulator*]" = YES;
				"INFOPLIST_KEY_UILaunchScreen_Generation[sdk=iphoneos*]" = YES;
				"INFOPLIST_KEY_UILaunchScreen_Generation[sdk=iphonesimulator*]" = YES;
				"INFOPLIST_KEY_UIStatusBarStyle[sdk=iphoneos*]" = UIStatusBarStyleDefault;
				"INFOPLIST_KEY_UIStatusBarStyle[sdk=iphonesimulator*]" = UIStatusBarStyleDefault;
				INFOPLIST_KEY_UISupportedInterfaceOrientations_iPad = "UIInterfaceOrientationPortrait UIInterfaceOrientationPortraitUpsideDown UIInterfaceOrientationLandscapeLeft UIInterfaceOrientationLandscapeRight";
				INFOPLIST_KEY_UISupportedInterfaceOrientations_iPhone = "UIInterfaceOrientationPortrait UIInterfaceOrientationLandscapeLeft UIInterfaceOrientationLandscapeRight";
				IPHONEOS_DEPLOYMENT_TARGET = 16.0;
				LD_RUNPATH_SEARCH_PATHS = "@executable_path/Frameworks";
				"LD_RUNPATH_SEARCH_PATHS[sdk=macosx*]" = "@executable_path/../Frameworks";
				MACOSX_DEPLOYMENT_TARGET = 14.0;
				MARKETING_VERSION = 1.0;
				PRODUCT_BUNDLE_IDENTIFIER = mm.app.catOS;
				PRODUCT_NAME = "$(TARGET_NAME)";
				SDKROOT = auto;
				SUPPORTED_PLATFORMS = "iphoneos iphonesimulator macosx";
				SWIFT_EMIT_LOC_STRINGS = YES;
				SWIFT_VERSION = 5.0;
				TARGETED_DEVICE_FAMILY = "1,2";
			};
			name = Debug;
		};
		8FD3E58E2B0A1B400042C3C5 /* Release */ = {
			isa = XCBuildConfiguration;
			buildSettings = {
				ASSETCATALOG_COMPILER_APPICON_NAME = AppIcon;
				ASSETCATALOG_COMPILER_GLOBAL_ACCENT_COLOR_NAME = AccentColor;
				CODE_SIGN_ENTITLEMENTS = catOS/catOS.entitlements;
				CODE_SIGN_STYLE = Automatic;
				CURRENT_PROJECT_VERSION = 1;
				DEVELOPMENT_ASSET_PATHS = "\"catOS/Preview Content\"";
				ENABLE_PREVIEWS = YES;
				GENERATE_INFOPLIST_FILE = NO;
				INFOPLIST_FILE = /Users/rosadiez/work/catOS/catOS/Info.plist;
				"INFOPLIST_KEY_UIApplicationSceneManifest_Generation[sdk=iphoneos*]" = YES;
				"INFOPLIST_KEY_UIApplicationSceneManifest_Generation[sdk=iphonesimulator*]" = YES;
				"INFOPLIST_KEY_UIApplicationSupportsIndirectInputEvents[sdk=iphoneos*]" = YES;
				"INFOPLIST_KEY_UIApplicationSupportsIndirectInputEvents[sdk=iphonesimulator*]" = YES;
				"INFOPLIST_KEY_UILaunchScreen_Generation[sdk=iphoneos*]" = YES;
				"INFOPLIST_KEY_UILaunchScreen_Generation[sdk=iphonesimulator*]" = YES;
				"INFOPLIST_KEY_UIStatusBarStyle[sdk=iphoneos*]" = UIStatusBarStyleDefault;
				"INFOPLIST_KEY_UIStatusBarStyle[sdk=iphonesimulator*]" = UIStatusBarStyleDefault;
				INFOPLIST_KEY_UISupportedInterfaceOrientations_iPad = "UIInterfaceOrientationPortrait UIInterfaceOrientationPortraitUpsideDown UIInterfaceOrientationLandscapeLeft UIInterfaceOrientationLandscapeRight";
				INFOPLIST_KEY_UISupportedInterfaceOrientations_iPhone = "UIInterfaceOrientationPortrait UIInterfaceOrientationLandscapeLeft UIInterfaceOrientationLandscapeRight";
				IPHONEOS_DEPLOYMENT_TARGET = 16.0;
				LD_RUNPATH_SEARCH_PATHS = "@executable_path/Frameworks";
				"LD_RUNPATH_SEARCH_PATHS[sdk=macosx*]" = "@executable_path/../Frameworks";
				MACOSX_DEPLOYMENT_TARGET = 14.0;
				MARKETING_VERSION = 1.0;
				PRODUCT_BUNDLE_IDENTIFIER = mm.app.catOS;
				PRODUCT_NAME = "$(TARGET_NAME)";
				SDKROOT = auto;
				SUPPORTED_PLATFORMS = "iphoneos iphonesimulator macosx";
				SWIFT_EMIT_LOC_STRINGS = YES;
				SWIFT_VERSION = 5.0;
				TARGETED_DEVICE_FAMILY = "1,2";
			};
			name = Release;
		};
/* End XCBuildConfiguration section */

/* Begin XCConfigurationList section */
		8FD3E5782B0A1B3F0042C3C5 /* Build configuration list for PBXProject "catOS" */ = {
			isa = XCConfigurationList;
			buildConfigurations = (
				8FD3E58A2B0A1B400042C3C5 /* Debug */,
				8FD3E58B2B0A1B400042C3C5 /* Release */,
			);
			defaultConfigurationIsVisible = 0;
			defaultConfigurationName = Release;
		};
		8FD3E58C2B0A1B400042C3C5 /* Build configuration list for PBXNativeTarget "catOS" */ = {
			isa = XCConfigurationList;
			buildConfigurations = (
				8FD3E58D2B0A1B400042C3C5 /* Debug */,
				8FD3E58E2B0A1B400042C3C5 /* Release */,
			);
			defaultConfigurationIsVisible = 0;
			defaultConfigurationName = Release;
		};
/* End XCConfigurationList section */
	};
	rootObject = 8FD3E5752B0A1B3F0042C3C5 /* Project object */;
}
