// !$*UTF8*$!
{
	archiveVersion = 1;
	classes = {
	};
	objectVersion = 56;
	objects = {

/* Begin PBXBuildFile section */
		27A477502D9D3AD60032DD9B /* GetFeedImagesUseCase.swift in Sources */ = {isa = PBXBuildFile; fileRef = 27A4774F2D9D3ABE0032DD9B /* GetFeedImagesUseCase.swift */; };
		27A477522D9D41110032DD9B /* GetBreedUseCase.swift in Sources */ = {isa = PBXBuildFile; fileRef = 27A477512D9D41110032DD9B /* GetBreedUseCase.swift */; };
		27A477542D9D415F0032DD9B /* GetBreedsUseCase.swift in Sources */ = {isa = PBXBuildFile; fileRef = 27A477532D9D415F0032DD9B /* GetBreedsUseCase.swift */; };
		27A477562D9D4B3A0032DD9B /* ImagesRepository.swift in Sources */ = {isa = PBXBuildFile; fileRef = 27A477552D9D4B250032DD9B /* ImagesRepository.swift */; };
		27A477592D9D4BCB0032DD9B /* ImagesRepositoryDefault.swift in Sources */ = {isa = PBXBuildFile; fileRef = 27A477582D9D4BCB0032DD9B /* ImagesRepositoryDefault.swift */; };
		27A4775B2D9D4DBE0032DD9B /* ImagesRepositoryMock.swift in Sources */ = {isa = PBXBuildFile; fileRef = 27A4775A2D9D4DBE0032DD9B /* ImagesRepositoryMock.swift */; };
		27A4775E2D9D4E8D0032DD9B /* BreedsRepository.swift in Sources */ = {isa = PBXBuildFile; fileRef = 27A4775D2D9D4E870032DD9B /* BreedsRepository.swift */; };
		27A477602D9D4EC20032DD9B /* BreedsRepositoryDefault.swift in Sources */ = {isa = PBXBuildFile; fileRef = 27A4775F2D9D4EBF0032DD9B /* BreedsRepositoryDefault.swift */; };
		27A477622D9D4F520032DD9B /* BreedsRepositoryMock.swift in Sources */ = {isa = PBXBuildFile; fileRef = 27A477612D9D4F520032DD9B /* BreedsRepositoryMock.swift */; };
		27A477642D9D51300032DD9B /* GetFavoritesUseCase.swift in Sources */ = {isa = PBXBuildFile; fileRef = 27A477632D9D512B0032DD9B /* GetFavoritesUseCase.swift */; };
		27A477672D9D51630032DD9B /* FavoritesRepository.swift in Sources */ = {isa = PBXBuildFile; fileRef = 27A477662D9D51620032DD9B /* FavoritesRepository.swift */; };
		27A477692D9D517C0032DD9B /* FavoritesRepositoryDefault.swift in Sources */ = {isa = PBXBuildFile; fileRef = 27A477682D9D517C0032DD9B /* FavoritesRepositoryDefault.swift */; };
		27A4776B2D9D51C70032DD9B /* FavoritesRepositoryMock.swift in Sources */ = {isa = PBXBuildFile; fileRef = 27A4776A2D9D51C70032DD9B /* FavoritesRepositoryMock.swift */; };
		27A4776D2D9D53CE0032DD9B /* AddToFavoritesUseCase.swift in Sources */ = {isa = PBXBuildFile; fileRef = 27A4776C2D9D53C90032DD9B /* AddToFavoritesUseCase.swift */; };
		27A4776F2D9D55410032DD9B /* VoteImageUseCase.swift in Sources */ = {isa = PBXBuildFile; fileRef = 27A4776E2D9D553E0032DD9B /* VoteImageUseCase.swift */; };
		27A477722D9D55930032DD9B /* VoteRepository.swift in Sources */ = {isa = PBXBuildFile; fileRef = 27A477712D9D55930032DD9B /* VoteRepository.swift */; };
		27A477762D9D55AB0032DD9B /* VoteRepositoryDefault.swift in Sources */ = {isa = PBXBuildFile; fileRef = 27A477752D9D55AB0032DD9B /* VoteRepositoryDefault.swift */; };
		27A4777A2D9D56EE0032DD9B /* VoteRepositoryMock.swift in Sources */ = {isa = PBXBuildFile; fileRef = 27A477792D9D56EE0032DD9B /* VoteRepositoryMock.swift */; };
		710C6FF82BCECA0E003851B1 /* FeedViewModel.swift in Sources */ = {isa = PBXBuildFile; fileRef = 710C6FF72BCECA0E003851B1 /* FeedViewModel.swift */; };
		710C6FFB2BCECC9A003851B1 /* CardView.swift in Sources */ = {isa = PBXBuildFile; fileRef = 710C6FFA2BCECC9A003851B1 /* CardView.swift */; };
		71249C1C2C063632003C1549 /* TabsView.swift in Sources */ = {isa = PBXBuildFile; fileRef = 71249C1B2C063632003C1549 /* TabsView.swift */; };
		712BD9312B7E96F900DCF07B /* CategoryDTO.swift in Sources */ = {isa = PBXBuildFile; fileRef = 712BD9302B7E96F900DCF07B /* CategoryDTO.swift */; };
		712BD9332B7E977600DCF07B /* ApiCategoryMapper.swift in Sources */ = {isa = PBXBuildFile; fileRef = 712BD9322B7E977600DCF07B /* ApiCategoryMapper.swift */; };
		712BD9352B7E97B500DCF07B /* Category.swift in Sources */ = {isa = PBXBuildFile; fileRef = 712BD9342B7E97B500DCF07B /* Category.swift */; };
		712BD9372B7E98BE00DCF07B /* ApiFeedImageMapper.swift in Sources */ = {isa = PBXBuildFile; fileRef = 712BD9362B7E98BE00DCF07B /* ApiFeedImageMapper.swift */; };
		712EF0482C19B4710075A29A /* FavoritesView.swift in Sources */ = {isa = PBXBuildFile; fileRef = 712EF0472C19B4710075A29A /* FavoritesView.swift */; };
		712EF04A2C19B4B10075A29A /* FavoritesViewModel.swift in Sources */ = {isa = PBXBuildFile; fileRef = 712EF0492C19B4B10075A29A /* FavoritesViewModel.swift */; };
		712EF04C2C19B61A0075A29A /* FavoriteDTO.swift in Sources */ = {isa = PBXBuildFile; fileRef = 712EF04B2C19B61A0075A29A /* FavoriteDTO.swift */; };
		712EF04E2C19B91E0075A29A /* Favorite.swift in Sources */ = {isa = PBXBuildFile; fileRef = 712EF04D2C19B91E0075A29A /* Favorite.swift */; };
		712EF0502C19B9650075A29A /* ApiFavoriteMapper.swift in Sources */ = {isa = PBXBuildFile; fileRef = 712EF04F2C19B9650075A29A /* ApiFavoriteMapper.swift */; };
		713466E12BA8B167003BB72A /* ErrorManager.swift in Sources */ = {isa = PBXBuildFile; fileRef = 713466E02BA8B167003BB72A /* ErrorManager.swift */; };
		713466E42BA8BE1F003BB72A /* CatError.swift in Sources */ = {isa = PBXBuildFile; fileRef = 713466E32BA8BE1F003BB72A /* CatError.swift */; };
		714976152C1712E200D6FE2E /* ButtonGradientOutline.swift in Sources */ = {isa = PBXBuildFile; fileRef = 714976142C1712E200D6FE2E /* ButtonGradientOutline.swift */; };
		714D394B2BEAA88400BFF68A /* BreedsView.swift in Sources */ = {isa = PBXBuildFile; fileRef = 714D394A2BEAA88400BFF68A /* BreedsView.swift */; };
		714D394D2BEAB04700BFF68A /* BreedsViewModel.swift in Sources */ = {isa = PBXBuildFile; fileRef = 714D394C2BEAB04700BFF68A /* BreedsViewModel.swift */; };
		71502EB62B7553B9006DF80B /* ApiTransformer.swift in Sources */ = {isa = PBXBuildFile; fileRef = 71502EB52B7553B9006DF80B /* ApiTransformer.swift */; };
		71502EB92B755418006DF80B /* ApiWeightMapper.swift in Sources */ = {isa = PBXBuildFile; fileRef = 71502EB82B755418006DF80B /* ApiWeightMapper.swift */; };
		71502EBB2B755493006DF80B /* Mapper.swift in Sources */ = {isa = PBXBuildFile; fileRef = 71502EBA2B755493006DF80B /* Mapper.swift */; };
		71502EBD2B75566D006DF80B /* ApiBreedMapper.swift in Sources */ = {isa = PBXBuildFile; fileRef = 71502EBC2B75566D006DF80B /* ApiBreedMapper.swift */; };
		715578EC2C90F6B5006EC255 /* BreedDetailedView.swift in Sources */ = {isa = PBXBuildFile; fileRef = 715578EB2C90F6B5006EC255 /* BreedDetailedView.swift */; };
		715578EE2C90F6F0006EC255 /* BreedDetailedViewModel.swift in Sources */ = {isa = PBXBuildFile; fileRef = 715578ED2C90F6F0006EC255 /* BreedDetailedViewModel.swift */; };
		7159A71F2C9846EE0094DC9F /* BreedCharacteristicsItemView.swift in Sources */ = {isa = PBXBuildFile; fileRef = 7159A71E2C9846EE0094DC9F /* BreedCharacteristicsItemView.swift */; };
		7159A7212C98476A0094DC9F /* BreedCharacteristicsItemViewModel.swift in Sources */ = {isa = PBXBuildFile; fileRef = 7159A7202C98476A0094DC9F /* BreedCharacteristicsItemViewModel.swift */; };
		715B008E2C6A5E530034E601 /* RequestManagerProtocol.swift in Sources */ = {isa = PBXBuildFile; fileRef = 715B008D2C6A5E530034E601 /* RequestManagerProtocol.swift */; };
		71674CB62BA9AD3F002C0027 /* NetworkReachability.swift in Sources */ = {isa = PBXBuildFile; fileRef = 71674CB52BA9AD3F002C0027 /* NetworkReachability.swift */; };
		716B1AD62B68049A007CC300 /* WeightDTO.swift in Sources */ = {isa = PBXBuildFile; fileRef = 716B1AD52B68049A007CC300 /* WeightDTO.swift */; };
		716B1AD82B680587007CC300 /* FeedImageDTO.swift in Sources */ = {isa = PBXBuildFile; fileRef = 716B1AD72B680587007CC300 /* FeedImageDTO.swift */; };
		716B1ADA2B680D7E007CC300 /* FeedImage.swift in Sources */ = {isa = PBXBuildFile; fileRef = 716B1AD92B680D7E007CC300 /* FeedImage.swift */; };
		718F9DF52B616B0E0089CB8A /* Breed.swift in Sources */ = {isa = PBXBuildFile; fileRef = 718F9DF42B616B0E0089CB8A /* Breed.swift */; };
		718F9DF72B616B300089CB8A /* Weight.swift in Sources */ = {isa = PBXBuildFile; fileRef = 718F9DF62B616B300089CB8A /* Weight.swift */; };
		718F9DFA2B6183050089CB8A /* BreedDTO.swift in Sources */ = {isa = PBXBuildFile; fileRef = 718F9DF92B6183050089CB8A /* BreedDTO.swift */; };
		719A86142BD97B970028C674 /* CardViewModel.swift in Sources */ = {isa = PBXBuildFile; fileRef = 719A86132BD97B970028C674 /* CardViewModel.swift */; };
		719A86162BD9AF4F0028C674 /* FeedView.swift in Sources */ = {isa = PBXBuildFile; fileRef = 719A86152BD9AF4F0028C674 /* FeedView.swift */; };
		719DE3C82FBD904900779264 /* APIRequestDefinition.swift in Sources */ = {isa = PBXBuildFile; fileRef = 719DE3C72FBD904200779264 /* APIRequestDefinition.swift */; };
		719DE3CA2FBD90AA00779264 /* HTTPMethod.swift in Sources */ = {isa = PBXBuildFile; fileRef = 719DE3C92FBD90AA00779264 /* HTTPMethod.swift */; };
		719DE3CC2FBD90B800779264 /* ApiParamsName.swift in Sources */ = {isa = PBXBuildFile; fileRef = 719DE3CB2FBD90B800779264 /* ApiParamsName.swift */; };
		719DE3CF2FBD911700779264 /* EnvironmentConfiguration.swift in Sources */ = {isa = PBXBuildFile; fileRef = 719DE3CE2FBD911200779264 /* EnvironmentConfiguration.swift */; };
		719DE3D32FBD93C900779264 /* FeedImagesAPIEndpoint.swift in Sources */ = {isa = PBXBuildFile; fileRef = 719DE3D22FBD93C900779264 /* FeedImagesAPIEndpoint.swift */; };
		719DE3E22FBD9D4000779264 /* VoteImageAPIEndpoint.swift in Sources */ = {isa = PBXBuildFile; fileRef = 719DE3E12FBD9D4000779264 /* VoteImageAPIEndpoint.swift */; };
		719DE3E72FBDA17600779264 /* MyFavoritesAPIEndpoint.swift in Sources */ = {isa = PBXBuildFile; fileRef = 719DE3E62FBDA17600779264 /* MyFavoritesAPIEndpoint.swift */; };
		719DE3ED2FBDA3C400779264 /* FavoriteImageAPIEndpoint.swift in Sources */ = {isa = PBXBuildFile; fileRef = 719DE3EC2FBDA3C400779264 /* FavoriteImageAPIEndpoint.swift */; };
		719DE3F02FBDA85200779264 /* BreedsAPIEndpoint.swift in Sources */ = {isa = PBXBuildFile; fileRef = 719DE3EF2FBDA85200779264 /* BreedsAPIEndpoint.swift */; };
		719DE3F22FBDAA5000779264 /* BreedAPIEndpoint.swift in Sources */ = {isa = PBXBuildFile; fileRef = 719DE3F12FBDAA5000779264 /* BreedAPIEndpoint.swift */; };
		719DE3F42FBDC25400779264 /* CatScreens.swift in Sources */ = {isa = PBXBuildFile; fileRef = 719DE3F32FBDC24E00779264 /* CatScreens.swift */; };
		71A106B62C84F59B00AA5651 /* CatOSTests.swift in Sources */ = {isa = PBXBuildFile; fileRef = 71A106B52C84F59B00AA5651 /* CatOSTests.swift */; };
		71A106BD2C84F81900AA5651 /* BreedTests.swift in Sources */ = {isa = PBXBuildFile; fileRef = 71A106BC2C84F81900AA5651 /* BreedTests.swift */; };
		71A106BF2C84F8E400AA5651 /* BreedEntityTests.swift in Sources */ = {isa = PBXBuildFile; fileRef = 71A106BE2C84F8E400AA5651 /* BreedEntityTests.swift */; };
		71A106C12C84FAB200AA5651 /* ApiBreedMapperTests.swift in Sources */ = {isa = PBXBuildFile; fileRef = 71A106C02C84FAB200AA5651 /* ApiBreedMapperTests.swift */; };
		71A106C32C84FC6C00AA5651 /* FeedViewModelTests.swift in Sources */ = {isa = PBXBuildFile; fileRef = 71A106C22C84FC6C00AA5651 /* FeedViewModelTests.swift */; };
		71A16B942C2566E4006646A2 /* AppDelegate.swift in Sources */ = {isa = PBXBuildFile; fileRef = 71A16B932C2566E4006646A2 /* AppDelegate.swift */; };
		71A16B962C256FAC006646A2 /* CustomUserDefaults.swift in Sources */ = {isa = PBXBuildFile; fileRef = 71A16B952C256FAC006646A2 /* CustomUserDefaults.swift */; };
		71A16B982C2583E0006646A2 /* LoadingView.swift in Sources */ = {isa = PBXBuildFile; fileRef = 71A16B972C2583E0006646A2 /* LoadingView.swift */; };
		71C143702C25D9F900497724 /* Localizable.xcstrings in Resources */ = {isa = PBXBuildFile; fileRef = 71C1436F2C25D9F900497724 /* Localizable.xcstrings */; };
		71E2C0ED2C10CCCB008AE21D /* ErrorAlert.swift in Sources */ = {isa = PBXBuildFile; fileRef = 71E2C0EC2C10CCCB008AE21D /* ErrorAlert.swift */; };
		71E2C0F02C10CD99008AE21D /* ViewExtension.swift in Sources */ = {isa = PBXBuildFile; fileRef = 71E2C0EF2C10CD99008AE21D /* ViewExtension.swift */; };
		71F025702BEFDFC700CB7112 /* ProfileView.swift in Sources */ = {isa = PBXBuildFile; fileRef = 71F0256F2BEFDFC700CB7112 /* ProfileView.swift */; };
		71F39BCE2C8F46510021ECA2 /* BreedListItemView.swift in Sources */ = {isa = PBXBuildFile; fileRef = 71F39BCD2C8F46510021ECA2 /* BreedListItemView.swift */; };
		71F39BD02C8F47F10021ECA2 /* BreedListItemViewModel.swift in Sources */ = {isa = PBXBuildFile; fileRef = 71F39BCF2C8F47F10021ECA2 /* BreedListItemViewModel.swift */; };
		71FA93A42BFC019800C9B748 /* Navigator.swift in Sources */ = {isa = PBXBuildFile; fileRef = 71FA93A32BFC019800C9B748 /* Navigator.swift */; };
		8FD3E5812B0A1B3F0042C3C5 /* catOSApp.swift in Sources */ = {isa = PBXBuildFile; fileRef = 8FD3E5802B0A1B3F0042C3C5 /* catOSApp.swift */; };
		8FD3E5832B0A1B3F0042C3C5 /* ContentView.swift in Sources */ = {isa = PBXBuildFile; fileRef = 8FD3E5822B0A1B3F0042C3C5 /* ContentView.swift */; };
		8FD3E5852B0A1B400042C3C5 /* Assets.xcassets in Resources */ = {isa = PBXBuildFile; fileRef = 8FD3E5842B0A1B400042C3C5 /* Assets.xcassets */; };
		8FD3E5892B0A1B400042C3C5 /* Preview Assets.xcassets in Resources */ = {isa = PBXBuildFile; fileRef = 8FD3E5882B0A1B400042C3C5 /* Preview Assets.xcassets */; };
		8FD3E5922B0A1C630042C3C5 /* RequestManager.swift in Sources */ = {isa = PBXBuildFile; fileRef = 8FD3E5912B0A1C630042C3C5 /* RequestManager.swift */; };
/* End PBXBuildFile section */

/* Begin PBXContainerItemProxy section */
		71A106B72C84F59B00AA5651 /* PBXContainerItemProxy */ = {
			isa = PBXContainerItemProxy;
			containerPortal = 8FD3E5752B0A1B3F0042C3C5 /* Project object */;
			proxyType = 1;
			remoteGlobalIDString = 8FD3E57C2B0A1B3F0042C3C5;
			remoteInfo = catOS;
		};
/* End PBXContainerItemProxy section */

/* Begin PBXFileReference section */
		27A4774F2D9D3ABE0032DD9B /* GetFeedImagesUseCase.swift */ = {isa = PBXFileReference; lastKnownFileType = sourcecode.swift; path = GetFeedImagesUseCase.swift; sourceTree = "<group>"; };
		27A477512D9D41110032DD9B /* GetBreedUseCase.swift */ = {isa = PBXFileReference; lastKnownFileType = sourcecode.swift; path = GetBreedUseCase.swift; sourceTree = "<group>"; };
		27A477532D9D415F0032DD9B /* GetBreedsUseCase.swift */ = {isa = PBXFileReference; lastKnownFileType = sourcecode.swift; path = GetBreedsUseCase.swift; sourceTree = "<group>"; };
		27A477552D9D4B250032DD9B /* ImagesRepository.swift */ = {isa = PBXFileReference; lastKnownFileType = sourcecode.swift; path = ImagesRepository.swift; sourceTree = "<group>"; };
		27A477582D9D4BCB0032DD9B /* ImagesRepositoryDefault.swift */ = {isa = PBXFileReference; lastKnownFileType = sourcecode.swift; path = ImagesRepositoryDefault.swift; sourceTree = "<group>"; };
		27A4775A2D9D4DBE0032DD9B /* ImagesRepositoryMock.swift */ = {isa = PBXFileReference; lastKnownFileType = sourcecode.swift; path = ImagesRepositoryMock.swift; sourceTree = "<group>"; };
		27A4775D2D9D4E870032DD9B /* BreedsRepository.swift */ = {isa = PBXFileReference; lastKnownFileType = sourcecode.swift; path = BreedsRepository.swift; sourceTree = "<group>"; };
		27A4775F2D9D4EBF0032DD9B /* BreedsRepositoryDefault.swift */ = {isa = PBXFileReference; lastKnownFileType = sourcecode.swift; path = BreedsRepositoryDefault.swift; sourceTree = "<group>"; };
		27A477612D9D4F520032DD9B /* BreedsRepositoryMock.swift */ = {isa = PBXFileReference; lastKnownFileType = sourcecode.swift; path = BreedsRepositoryMock.swift; sourceTree = "<group>"; };
		27A477632D9D512B0032DD9B /* GetFavoritesUseCase.swift */ = {isa = PBXFileReference; lastKnownFileType = sourcecode.swift; path = GetFavoritesUseCase.swift; sourceTree = "<group>"; };
		27A477662D9D51620032DD9B /* FavoritesRepository.swift */ = {isa = PBXFileReference; lastKnownFileType = sourcecode.swift; path = FavoritesRepository.swift; sourceTree = "<group>"; };
		27A477682D9D517C0032DD9B /* FavoritesRepositoryDefault.swift */ = {isa = PBXFileReference; lastKnownFileType = sourcecode.swift; path = FavoritesRepositoryDefault.swift; sourceTree = "<group>"; };
		27A4776A2D9D51C70032DD9B /* FavoritesRepositoryMock.swift */ = {isa = PBXFileReference; lastKnownFileType = sourcecode.swift; path = FavoritesRepositoryMock.swift; sourceTree = "<group>"; };
		27A4776C2D9D53C90032DD9B /* AddToFavoritesUseCase.swift */ = {isa = PBXFileReference; lastKnownFileType = sourcecode.swift; path = AddToFavoritesUseCase.swift; sourceTree = "<group>"; };
		27A4776E2D9D553E0032DD9B /* VoteImageUseCase.swift */ = {isa = PBXFileReference; lastKnownFileType = sourcecode.swift; path = VoteImageUseCase.swift; sourceTree = "<group>"; };
		27A477712D9D55930032DD9B /* VoteRepository.swift */ = {isa = PBXFileReference; lastKnownFileType = sourcecode.swift; path = VoteRepository.swift; sourceTree = "<group>"; };
		27A477752D9D55AB0032DD9B /* VoteRepositoryDefault.swift */ = {isa = PBXFileReference; lastKnownFileType = sourcecode.swift; path = VoteRepositoryDefault.swift; sourceTree = "<group>"; };
		27A477792D9D56EE0032DD9B /* VoteRepositoryMock.swift */ = {isa = PBXFileReference; lastKnownFileType = sourcecode.swift; path = VoteRepositoryMock.swift; sourceTree = "<group>"; };
		710C6FF72BCECA0E003851B1 /* FeedViewModel.swift */ = {isa = PBXFileReference; lastKnownFileType = sourcecode.swift; path = FeedViewModel.swift; sourceTree = "<group>"; };
		710C6FFA2BCECC9A003851B1 /* CardView.swift */ = {isa = PBXFileReference; lastKnownFileType = sourcecode.swift; path = CardView.swift; sourceTree = "<group>"; };
		71249C1B2C063632003C1549 /* TabsView.swift */ = {isa = PBXFileReference; lastKnownFileType = sourcecode.swift; path = TabsView.swift; sourceTree = "<group>"; };
		712BD9302B7E96F900DCF07B /* CategoryDTO.swift */ = {isa = PBXFileReference; lastKnownFileType = sourcecode.swift; path = CategoryDTO.swift; sourceTree = "<group>"; };
		712BD9322B7E977600DCF07B /* ApiCategoryMapper.swift */ = {isa = PBXFileReference; lastKnownFileType = sourcecode.swift; path = ApiCategoryMapper.swift; sourceTree = "<group>"; };
		712BD9342B7E97B500DCF07B /* Category.swift */ = {isa = PBXFileReference; lastKnownFileType = sourcecode.swift; path = Category.swift; sourceTree = "<group>"; };
		712BD9362B7E98BE00DCF07B /* ApiFeedImageMapper.swift */ = {isa = PBXFileReference; lastKnownFileType = sourcecode.swift; path = ApiFeedImageMapper.swift; sourceTree = "<group>"; };
		712EF0472C19B4710075A29A /* FavoritesView.swift */ = {isa = PBXFileReference; lastKnownFileType = sourcecode.swift; path = FavoritesView.swift; sourceTree = "<group>"; };
		712EF0492C19B4B10075A29A /* FavoritesViewModel.swift */ = {isa = PBXFileReference; lastKnownFileType = sourcecode.swift; path = FavoritesViewModel.swift; sourceTree = "<group>"; };
		712EF04B2C19B61A0075A29A /* FavoriteDTO.swift */ = {isa = PBXFileReference; lastKnownFileType = sourcecode.swift; path = FavoriteDTO.swift; sourceTree = "<group>"; };
		712EF04D2C19B91E0075A29A /* Favorite.swift */ = {isa = PBXFileReference; lastKnownFileType = sourcecode.swift; path = Favorite.swift; sourceTree = "<group>"; };
		712EF04F2C19B9650075A29A /* ApiFavoriteMapper.swift */ = {isa = PBXFileReference; lastKnownFileType = sourcecode.swift; path = ApiFavoriteMapper.swift; sourceTree = "<group>"; };
		713466E02BA8B167003BB72A /* ErrorManager.swift */ = {isa = PBXFileReference; lastKnownFileType = sourcecode.swift; path = ErrorManager.swift; sourceTree = "<group>"; };
		713466E32BA8BE1F003BB72A /* CatError.swift */ = {isa = PBXFileReference; lastKnownFileType = sourcecode.swift; path = CatError.swift; sourceTree = "<group>"; };
		714976142C1712E200D6FE2E /* ButtonGradientOutline.swift */ = {isa = PBXFileReference; lastKnownFileType = sourcecode.swift; path = ButtonGradientOutline.swift; sourceTree = "<group>"; };
		714D394A2BEAA88400BFF68A /* BreedsView.swift */ = {isa = PBXFileReference; lastKnownFileType = sourcecode.swift; path = BreedsView.swift; sourceTree = "<group>"; };
		714D394C2BEAB04700BFF68A /* BreedsViewModel.swift */ = {isa = PBXFileReference; lastKnownFileType = sourcecode.swift; path = BreedsViewModel.swift; sourceTree = "<group>"; };
		71502EB52B7553B9006DF80B /* ApiTransformer.swift */ = {isa = PBXFileReference; lastKnownFileType = sourcecode.swift; path = ApiTransformer.swift; sourceTree = "<group>"; };
		71502EB82B755418006DF80B /* ApiWeightMapper.swift */ = {isa = PBXFileReference; lastKnownFileType = sourcecode.swift; path = ApiWeightMapper.swift; sourceTree = "<group>"; };
		71502EBA2B755493006DF80B /* Mapper.swift */ = {isa = PBXFileReference; lastKnownFileType = sourcecode.swift; path = Mapper.swift; sourceTree = "<group>"; };
		71502EBC2B75566D006DF80B /* ApiBreedMapper.swift */ = {isa = PBXFileReference; lastKnownFileType = sourcecode.swift; path = ApiBreedMapper.swift; sourceTree = "<group>"; };
		715578EB2C90F6B5006EC255 /* BreedDetailedView.swift */ = {isa = PBXFileReference; lastKnownFileType = sourcecode.swift; path = BreedDetailedView.swift; sourceTree = "<group>"; };
		715578ED2C90F6F0006EC255 /* BreedDetailedViewModel.swift */ = {isa = PBXFileReference; lastKnownFileType = sourcecode.swift; path = BreedDetailedViewModel.swift; sourceTree = "<group>"; };
		7159A71E2C9846EE0094DC9F /* BreedCharacteristicsItemView.swift */ = {isa = PBXFileReference; lastKnownFileType = sourcecode.swift; path = BreedCharacteristicsItemView.swift; sourceTree = "<group>"; };
		7159A7202C98476A0094DC9F /* BreedCharacteristicsItemViewModel.swift */ = {isa = PBXFileReference; lastKnownFileType = sourcecode.swift; path = BreedCharacteristicsItemViewModel.swift; sourceTree = "<group>"; };
		715B008D2C6A5E530034E601 /* RequestManagerProtocol.swift */ = {isa = PBXFileReference; lastKnownFileType = sourcecode.swift; path = RequestManagerProtocol.swift; sourceTree = "<group>"; };
		71674CB52BA9AD3F002C0027 /* NetworkReachability.swift */ = {isa = PBXFileReference; lastKnownFileType = sourcecode.swift; path = NetworkReachability.swift; sourceTree = "<group>"; };
		716B1AD52B68049A007CC300 /* WeightDTO.swift */ = {isa = PBXFileReference; lastKnownFileType = sourcecode.swift; path = WeightDTO.swift; sourceTree = "<group>"; };
		716B1AD72B680587007CC300 /* FeedImageDTO.swift */ = {isa = PBXFileReference; lastKnownFileType = sourcecode.swift; path = FeedImageDTO.swift; sourceTree = "<group>"; };
		716B1AD92B680D7E007CC300 /* FeedImage.swift */ = {isa = PBXFileReference; lastKnownFileType = sourcecode.swift; path = FeedImage.swift; sourceTree = "<group>"; };
		7182749E2B8D0637007B1634 /* Info.plist */ = {isa = PBXFileReference; lastKnownFileType = text.plist.xml; path = Info.plist; sourceTree = "<group>"; };
		718F9DF42B616B0E0089CB8A /* Breed.swift */ = {isa = PBXFileReference; lastKnownFileType = sourcecode.swift; path = Breed.swift; sourceTree = "<group>"; };
		718F9DF62B616B300089CB8A /* Weight.swift */ = {isa = PBXFileReference; lastKnownFileType = sourcecode.swift; path = Weight.swift; sourceTree = "<group>"; };
		718F9DF92B6183050089CB8A /* BreedDTO.swift */ = {isa = PBXFileReference; lastKnownFileType = sourcecode.swift; path = BreedDTO.swift; sourceTree = "<group>"; };
		719A86132BD97B970028C674 /* CardViewModel.swift */ = {isa = PBXFileReference; lastKnownFileType = sourcecode.swift; path = CardViewModel.swift; sourceTree = "<group>"; };
		719A86152BD9AF4F0028C674 /* FeedView.swift */ = {isa = PBXFileReference; lastKnownFileType = sourcecode.swift; path = FeedView.swift; sourceTree = "<group>"; };
		719DE3C72FBD904200779264 /* APIRequestDefinition.swift */ = {isa = PBXFileReference; lastKnownFileType = sourcecode.swift; path = APIRequestDefinition.swift; sourceTree = "<group>"; };
		719DE3C92FBD90AA00779264 /* HTTPMethod.swift */ = {isa = PBXFileReference; lastKnownFileType = sourcecode.swift; path = HTTPMethod.swift; sourceTree = "<group>"; };
		719DE3CB2FBD90B800779264 /* ApiParamsName.swift */ = {isa = PBXFileReference; lastKnownFileType = sourcecode.swift; path = ApiParamsName.swift; sourceTree = "<group>"; };
		719DE3CE2FBD911200779264 /* EnvironmentConfiguration.swift */ = {isa = PBXFileReference; lastKnownFileType = sourcecode.swift; path = EnvironmentConfiguration.swift; sourceTree = "<group>"; };
		719DE3D22FBD93C900779264 /* FeedImagesAPIEndpoint.swift */ = {isa = PBXFileReference; lastKnownFileType = sourcecode.swift; path = FeedImagesAPIEndpoint.swift; sourceTree = "<group>"; };
		719DE3E12FBD9D4000779264 /* VoteImageAPIEndpoint.swift */ = {isa = PBXFileReference; lastKnownFileType = sourcecode.swift; path = VoteImageAPIEndpoint.swift; sourceTree = "<group>"; };
		719DE3E62FBDA17600779264 /* MyFavoritesAPIEndpoint.swift */ = {isa = PBXFileReference; lastKnownFileType = sourcecode.swift; path = MyFavoritesAPIEndpoint.swift; sourceTree = "<group>"; };
		719DE3EC2FBDA3C400779264 /* FavoriteImageAPIEndpoint.swift */ = {isa = PBXFileReference; lastKnownFileType = sourcecode.swift; path = FavoriteImageAPIEndpoint.swift; sourceTree = "<group>"; };
		719DE3EF2FBDA85200779264 /* BreedsAPIEndpoint.swift */ = {isa = PBXFileReference; lastKnownFileType = sourcecode.swift; path = BreedsAPIEndpoint.swift; sourceTree = "<group>"; };
		719DE3F12FBDAA5000779264 /* BreedAPIEndpoint.swift */ = {isa = PBXFileReference; lastKnownFileType = sourcecode.swift; path = BreedAPIEndpoint.swift; sourceTree = "<group>"; };
		719DE3F32FBDC24E00779264 /* CatScreens.swift */ = {isa = PBXFileReference; lastKnownFileType = sourcecode.swift; path = CatScreens.swift; sourceTree = "<group>"; };
		71A106B32C84F59B00AA5651 /* catOSTests.xctest */ = {isa = PBXFileReference; explicitFileType = wrapper.cfbundle; includeInIndex = 0; path = catOSTests.xctest; sourceTree = BUILT_PRODUCTS_DIR; };
		71A106B52C84F59B00AA5651 /* CatOSTests.swift */ = {isa = PBXFileReference; lastKnownFileType = sourcecode.swift; path = CatOSTests.swift; sourceTree = "<group>"; };
		71A106BC2C84F81900AA5651 /* BreedTests.swift */ = {isa = PBXFileReference; lastKnownFileType = sourcecode.swift; path = BreedTests.swift; sourceTree = "<group>"; };
		71A106BE2C84F8E400AA5651 /* BreedEntityTests.swift */ = {isa = PBXFileReference; lastKnownFileType = sourcecode.swift; path = BreedEntityTests.swift; sourceTree = "<group>"; };
		71A106C02C84FAB200AA5651 /* ApiBreedMapperTests.swift */ = {isa = PBXFileReference; lastKnownFileType = sourcecode.swift; path = ApiBreedMapperTests.swift; sourceTree = "<group>"; };
		71A106C22C84FC6C00AA5651 /* FeedViewModelTests.swift */ = {isa = PBXFileReference; lastKnownFileType = sourcecode.swift; path = FeedViewModelTests.swift; sourceTree = "<group>"; };
		71A16B932C2566E4006646A2 /* AppDelegate.swift */ = {isa = PBXFileReference; lastKnownFileType = sourcecode.swift; path = AppDelegate.swift; sourceTree = "<group>"; };
		71A16B952C256FAC006646A2 /* CustomUserDefaults.swift */ = {isa = PBXFileReference; lastKnownFileType = sourcecode.swift; path = CustomUserDefaults.swift; sourceTree = "<group>"; };
		71A16B972C2583E0006646A2 /* LoadingView.swift */ = {isa = PBXFileReference; lastKnownFileType = sourcecode.swift; path = LoadingView.swift; sourceTree = "<group>"; };
		71C1436F2C25D9F900497724 /* Localizable.xcstrings */ = {isa = PBXFileReference; lastKnownFileType = text.json.xcstrings; path = Localizable.xcstrings; sourceTree = "<group>"; };
		71E2C0EC2C10CCCB008AE21D /* ErrorAlert.swift */ = {isa = PBXFileReference; lastKnownFileType = sourcecode.swift; path = ErrorAlert.swift; sourceTree = "<group>"; };
		71E2C0EF2C10CD99008AE21D /* ViewExtension.swift */ = {isa = PBXFileReference; lastKnownFileType = sourcecode.swift; path = ViewExtension.swift; sourceTree = "<group>"; };
		71F0256F2BEFDFC700CB7112 /* ProfileView.swift */ = {isa = PBXFileReference; lastKnownFileType = sourcecode.swift; path = ProfileView.swift; sourceTree = "<group>"; };
		71F39BCD2C8F46510021ECA2 /* BreedListItemView.swift */ = {isa = PBXFileReference; lastKnownFileType = sourcecode.swift; path = BreedListItemView.swift; sourceTree = "<group>"; };
		71F39BCF2C8F47F10021ECA2 /* BreedListItemViewModel.swift */ = {isa = PBXFileReference; lastKnownFileType = sourcecode.swift; path = BreedListItemViewModel.swift; sourceTree = "<group>"; };
		71FA93A32BFC019800C9B748 /* Navigator.swift */ = {isa = PBXFileReference; lastKnownFileType = sourcecode.swift; path = Navigator.swift; sourceTree = "<group>"; };
		8F48C0342B13DAA700B84C2B /* MyPlayground.playground */ = {isa = PBXFileReference; lastKnownFileType = file.playground; path = MyPlayground.playground; sourceTree = "<group>"; xcLanguageSpecificationIdentifier = xcode.lang.swift; };
		8FD3E57D2B0A1B3F0042C3C5 /* catOS.app */ = {isa = PBXFileReference; explicitFileType = wrapper.application; includeInIndex = 0; path = catOS.app; sourceTree = BUILT_PRODUCTS_DIR; };
		8FD3E5802B0A1B3F0042C3C5 /* catOSApp.swift */ = {isa = PBXFileReference; lastKnownFileType = sourcecode.swift; path = catOSApp.swift; sourceTree = "<group>"; };
		8FD3E5822B0A1B3F0042C3C5 /* ContentView.swift */ = {isa = PBXFileReference; lastKnownFileType = sourcecode.swift; path = ContentView.swift; sourceTree = "<group>"; };
		8FD3E5842B0A1B400042C3C5 /* Assets.xcassets */ = {isa = PBXFileReference; lastKnownFileType = folder.assetcatalog; path = Assets.xcassets; sourceTree = "<group>"; };
		8FD3E5862B0A1B400042C3C5 /* catOS.entitlements */ = {isa = PBXFileReference; lastKnownFileType = text.plist.entitlements; path = catOS.entitlements; sourceTree = "<group>"; };
		8FD3E5882B0A1B400042C3C5 /* Preview Assets.xcassets */ = {isa = PBXFileReference; lastKnownFileType = folder.assetcatalog; path = "Preview Assets.xcassets"; sourceTree = "<group>"; };
		8FD3E5912B0A1C630042C3C5 /* RequestManager.swift */ = {isa = PBXFileReference; lastKnownFileType = sourcecode.swift; path = RequestManager.swift; sourceTree = "<group>"; };
/* End PBXFileReference section */

/* Begin PBXFrameworksBuildPhase section */
		71A106B02C84F59B00AA5651 /* Frameworks */ = {
			isa = PBXFrameworksBuildPhase;
			buildActionMask = 2147483647;
			files = (
			);
			runOnlyForDeploymentPostprocessing = 0;
		};
		8FD3E57A2B0A1B3F0042C3C5 /* Frameworks */ = {
			isa = PBXFrameworksBuildPhase;
			buildActionMask = 2147483647;
			files = (
			);
			runOnlyForDeploymentPostprocessing = 0;
		};
/* End PBXFrameworksBuildPhase section */

/* Begin PBXGroup section */
		270A2D9D2D9D7875003E3EB9 /* Domain */ = {
			isa = PBXGroup;
			children = (
				270A2D9E2D9D78E3003E3EB9 /* Repositories */,
				718F9DF32B616B010089CB8A /* Models */,
				27A4774E2D9D3A930032DD9B /* UseCases */,
			);
			path = Domain;
			sourceTree = "<group>";
		};
		270A2D9E2D9D78E3003E3EB9 /* Repositories */ = {
			isa = PBXGroup;
			children = (
				27A477712D9D55930032DD9B /* VoteRepository.swift */,
				27A477662D9D51620032DD9B /* FavoritesRepository.swift */,
				27A4775D2D9D4E870032DD9B /* BreedsRepository.swift */,
				27A477552D9D4B250032DD9B /* ImagesRepository.swift */,
			);
			path = Repositories;
			sourceTree = "<group>";
		};
		270A2DA02D9D790A003E3EB9 /* Data */ = {
			isa = PBXGroup;
			children = (
				719DE3C62FBD903000779264 /* Api */,
				270A2DA12D9D7938003E3EB9 /* Repositories */,
				718F9DF82B6182F80089CB8A /* DTOs */,
				71502EB72B7553CA006DF80B /* Mappers */,
			);
			path = Data;
			sourceTree = "<group>";
		};
		270A2DA12D9D7938003E3EB9 /* Repositories */ = {
			isa = PBXGroup;
			children = (
				27A477702D9D55890032DD9B /* VoteRepository */,
				27A477652D9D51530032DD9B /* FavoritesRepository */,
				27A4775C2D9D4E790032DD9B /* BreedsRepository */,
				27A477572D9D4B560032DD9B /* ImagesRepository */,
			);
			path = Repositories;
			sourceTree = "<group>";
		};
		270A2DA22D9D797E003E3EB9 /* Infraestructure */ = {
			isa = PBXGroup;
			children = (
				270A2DA32D9D7BB6003E3EB9 /* Network */,
				71A16B952C256FAC006646A2 /* CustomUserDefaults.swift */,
			);
			path = Infraestructure;
			sourceTree = "<group>";
		};
		270A2DA32D9D7BB6003E3EB9 /* Network */ = {
			isa = PBXGroup;
			children = (
				8FD3E5912B0A1C630042C3C5 /* RequestManager.swift */,
				715B008D2C6A5E530034E601 /* RequestManagerProtocol.swift */,
				71674CB52BA9AD3F002C0027 /* NetworkReachability.swift */,
			);
			path = Network;
			sourceTree = "<group>";
		};
		270A2DA42D9D7C7F003E3EB9 /* Molecules */ = {
			isa = PBXGroup;
			children = (
				714976142C1712E200D6FE2E /* ButtonGradientOutline.swift */,
			);
			path = Molecules;
			sourceTree = "<group>";
		};
		27A4774E2D9D3A930032DD9B /* UseCases */ = {
			isa = PBXGroup;
			children = (
				27A4776E2D9D553E0032DD9B /* VoteImageUseCase.swift */,
				27A4776C2D9D53C90032DD9B /* AddToFavoritesUseCase.swift */,
				27A477632D9D512B0032DD9B /* GetFavoritesUseCase.swift */,
				27A477512D9D41110032DD9B /* GetBreedUseCase.swift */,
				27A477532D9D415F0032DD9B /* GetBreedsUseCase.swift */,
				27A4774F2D9D3ABE0032DD9B /* GetFeedImagesUseCase.swift */,
			);
			path = UseCases;
			sourceTree = "<group>";
		};
		27A477572D9D4B560032DD9B /* ImagesRepository */ = {
			isa = PBXGroup;
			children = (
				27A477582D9D4BCB0032DD9B /* ImagesRepositoryDefault.swift */,
				27A4775A2D9D4DBE0032DD9B /* ImagesRepositoryMock.swift */,
			);
			path = ImagesRepository;
			sourceTree = "<group>";
		};
		27A4775C2D9D4E790032DD9B /* BreedsRepository */ = {
			isa = PBXGroup;
			children = (
				27A4775F2D9D4EBF0032DD9B /* BreedsRepositoryDefault.swift */,
				27A477612D9D4F520032DD9B /* BreedsRepositoryMock.swift */,
			);
			path = BreedsRepository;
			sourceTree = "<group>";
		};
		27A477652D9D51530032DD9B /* FavoritesRepository */ = {
			isa = PBXGroup;
			children = (
				27A477682D9D517C0032DD9B /* FavoritesRepositoryDefault.swift */,
				27A4776A2D9D51C70032DD9B /* FavoritesRepositoryMock.swift */,
			);
			path = FavoritesRepository;
			sourceTree = "<group>";
		};
		27A477702D9D55890032DD9B /* VoteRepository */ = {
			isa = PBXGroup;
			children = (
				27A477752D9D55AB0032DD9B /* VoteRepositoryDefault.swift */,
				27A477792D9D56EE0032DD9B /* VoteRepositoryMock.swift */,
			);
			path = VoteRepository;
			sourceTree = "<group>";
		};
		710C6FF62BCEC9F1003851B1 /* Presentation */ = {
			isa = PBXGroup;
			children = (
				710C6FF72BCECA0E003851B1 /* FeedViewModel.swift */,
				719A86132BD97B970028C674 /* CardViewModel.swift */,
				714D394C2BEAB04700BFF68A /* BreedsViewModel.swift */,
				712EF0492C19B4B10075A29A /* FavoritesViewModel.swift */,
				71F39BCF2C8F47F10021ECA2 /* BreedListItemViewModel.swift */,
				715578ED2C90F6F0006EC255 /* BreedDetailedViewModel.swift */,
				7159A7202C98476A0094DC9F /* BreedCharacteristicsItemViewModel.swift */,
			);
			path = Presentation;
			sourceTree = "<group>";
		};
		710C6FF92BCECC51003851B1 /* Views */ = {
			isa = PBXGroup;
			children = (
				710C6FFA2BCECC9A003851B1 /* CardView.swift */,
				719A86152BD9AF4F0028C674 /* FeedView.swift */,
				714D394A2BEAA88400BFF68A /* BreedsView.swift */,
				71F0256F2BEFDFC700CB7112 /* ProfileView.swift */,
				71249C1B2C063632003C1549 /* TabsView.swift */,
				712EF0472C19B4710075A29A /* FavoritesView.swift */,
				71F39BCD2C8F46510021ECA2 /* BreedListItemView.swift */,
				715578EB2C90F6B5006EC255 /* BreedDetailedView.swift */,
				7159A71E2C9846EE0094DC9F /* BreedCharacteristicsItemView.swift */,
				8FD3E5802B0A1B3F0042C3C5 /* catOSApp.swift */,
				8FD3E5822B0A1B3F0042C3C5 /* ContentView.swift */,
			);
			path = Views;
			sourceTree = "<group>";
		};
		713466E22BA8B220003BB72A /* Error */ = {
			isa = PBXGroup;
			children = (
				713466E02BA8B167003BB72A /* ErrorManager.swift */,
			);
			path = Error;
			sourceTree = "<group>";
		};
		71502EB72B7553CA006DF80B /* Mappers */ = {
			isa = PBXGroup;
			children = (
				71502EB52B7553B9006DF80B /* ApiTransformer.swift */,
				71502EB82B755418006DF80B /* ApiWeightMapper.swift */,
				71502EBA2B755493006DF80B /* Mapper.swift */,
				71502EBC2B75566D006DF80B /* ApiBreedMapper.swift */,
				712BD9322B7E977600DCF07B /* ApiCategoryMapper.swift */,
				712BD9362B7E98BE00DCF07B /* ApiFeedImageMapper.swift */,
				712EF04F2C19B9650075A29A /* ApiFavoriteMapper.swift */,
			);
			path = Mappers;
			sourceTree = "<group>";
		};
		718F9DF32B616B010089CB8A /* Models */ = {
			isa = PBXGroup;
			children = (
				718F9DF42B616B0E0089CB8A /* Breed.swift */,
				718F9DF62B616B300089CB8A /* Weight.swift */,
				716B1AD92B680D7E007CC300 /* FeedImage.swift */,
				712BD9342B7E97B500DCF07B /* Category.swift */,
				712EF04D2C19B91E0075A29A /* Favorite.swift */,
				713466E32BA8BE1F003BB72A /* CatError.swift */,
			);
			path = Models;
			sourceTree = "<group>";
		};
		718F9DF82B6182F80089CB8A /* DTOs */ = {
			isa = PBXGroup;
			children = (
				718F9DF92B6183050089CB8A /* BreedDTO.swift */,
				716B1AD52B68049A007CC300 /* WeightDTO.swift */,
				716B1AD72B680587007CC300 /* FeedImageDTO.swift */,
				712BD9302B7E96F900DCF07B /* CategoryDTO.swift */,
				712EF04B2C19B61A0075A29A /* FavoriteDTO.swift */,
			);
			path = DTOs;
			sourceTree = "<group>";
		};
		719DE3C62FBD903000779264 /* Api */ = {
			isa = PBXGroup;
			children = (
				719DE3EE2FBDA83B00779264 /* Breed */,
				719DE3E32FBDA14500779264 /* Favorites */,
				719DE3E02FBD9D3A00779264 /* Vote */,
				719DE3DF2FBD9CDF00779264 /* Images */,
				719DE3CB2FBD90B800779264 /* ApiParamsName.swift */,
				719DE3C92FBD90AA00779264 /* HTTPMethod.swift */,
				719DE3C72FBD904200779264 /* APIRequestDefinition.swift */,
			);
			path = Api;
			sourceTree = "<group>";
		};
		719DE3CD2FBD910600779264 /* Common */ = {
			isa = PBXGroup;
			children = (
				719DE3CE2FBD911200779264 /* EnvironmentConfiguration.swift */,
			);
			path = Common;
			sourceTree = "<group>";
		};
		719DE3DF2FBD9CDF00779264 /* Images */ = {
			isa = PBXGroup;
			children = (
				719DE3D22FBD93C900779264 /* FeedImagesAPIEndpoint.swift */,
			);
			path = Images;
			sourceTree = "<group>";
		};
		719DE3E02FBD9D3A00779264 /* Vote */ = {
			isa = PBXGroup;
			children = (
				719DE3E12FBD9D4000779264 /* VoteImageAPIEndpoint.swift */,
			);
			path = Vote;
			sourceTree = "<group>";
		};
		719DE3E32FBDA14500779264 /* Favorites */ = {
			isa = PBXGroup;
			children = (
				719DE3E62FBDA17600779264 /* MyFavoritesAPIEndpoint.swift */,
				719DE3EC2FBDA3C400779264 /* FavoriteImageAPIEndpoint.swift */,
			);
			path = Favorites;
			sourceTree = "<group>";
		};
		719DE3EE2FBDA83B00779264 /* Breed */ = {
			isa = PBXGroup;
			children = (
				719DE3EF2FBDA85200779264 /* BreedsAPIEndpoint.swift */,
				719DE3F12FBDAA5000779264 /* BreedAPIEndpoint.swift */,
			);
			path = Breed;
			sourceTree = "<group>";
		};
		71A106B42C84F59B00AA5651 /* catOSTests */ = {
			isa = PBXGroup;
			children = (
				71A106B52C84F59B00AA5651 /* CatOSTests.swift */,
				71A106BC2C84F81900AA5651 /* BreedTests.swift */,
				71A106BE2C84F8E400AA5651 /* BreedEntityTests.swift */,
				71A106C02C84FAB200AA5651 /* ApiBreedMapperTests.swift */,
				71A106C22C84FC6C00AA5651 /* FeedViewModelTests.swift */,
			);
			path = catOSTests;
			sourceTree = "<group>";
		};
		71E2C0EB2C10CCB6008AE21D /* ViewModifiers */ = {
			isa = PBXGroup;
			children = (
				71E2C0EC2C10CCCB008AE21D /* ErrorAlert.swift */,
				71A16B972C2583E0006646A2 /* LoadingView.swift */,
			);
			path = ViewModifiers;
			sourceTree = "<group>";
		};
		71E2C0EE2C10CD7F008AE21D /* Extensions */ = {
			isa = PBXGroup;
			children = (
				71E2C0EF2C10CD99008AE21D /* ViewExtension.swift */,
			);
			path = Extensions;
			sourceTree = "<group>";
		};
		71FA939D2BFC012E00C9B748 /* Coordinator */ = {
			isa = PBXGroup;
			children = (
				719DE3F32FBDC24E00779264 /* CatScreens.swift */,
				71FA93A32BFC019800C9B748 /* Navigator.swift */,
			);
			path = Coordinator;
			sourceTree = "<group>";
		};
		8FD3E5742B0A1B3F0042C3C5 = {
			isa = PBXGroup;
			children = (
				8FD3E57F2B0A1B3F0042C3C5 /* catOS */,
				71A106B42C84F59B00AA5651 /* catOSTests */,
				8FD3E57E2B0A1B3F0042C3C5 /* Products */,
			);
			sourceTree = "<group>";
		};
		8FD3E57E2B0A1B3F0042C3C5 /* Products */ = {
			isa = PBXGroup;
			children = (
				8FD3E57D2B0A1B3F0042C3C5 /* catOS.app */,
				71A106B32C84F59B00AA5651 /* catOSTests.xctest */,
			);
			name = Products;
			sourceTree = "<group>";
		};
		8FD3E57F2B0A1B3F0042C3C5 /* catOS */ = {
			isa = PBXGroup;
			children = (
				719DE3CD2FBD910600779264 /* Common */,
				270A2DA22D9D797E003E3EB9 /* Infraestructure */,
				270A2DA02D9D790A003E3EB9 /* Data */,
				270A2D9D2D9D7875003E3EB9 /* Domain */,
				710C6FF62BCEC9F1003851B1 /* Presentation */,
				8FD3E58F2B0A1C400042C3C5 /* UI */,
				71A16B932C2566E4006646A2 /* AppDelegate.swift */,
				8FD3E5842B0A1B400042C3C5 /* Assets.xcassets */,
				8FD3E5862B0A1B400042C3C5 /* catOS.entitlements */,
				8FD3E5872B0A1B400042C3C5 /* Preview Content */,
				8F48C0342B13DAA700B84C2B /* MyPlayground.playground */,
				7182749E2B8D0637007B1634 /* Info.plist */,
				71C1436F2C25D9F900497724 /* Localizable.xcstrings */,
			);
			path = catOS;
			sourceTree = "<group>";
		};
		8FD3E5872B0A1B400042C3C5 /* Preview Content */ = {
			isa = PBXGroup;
			children = (
				8FD3E5882B0A1B400042C3C5 /* Preview Assets.xcassets */,
			);
			path = "Preview Content";
			sourceTree = "<group>";
		};
		8FD3E58F2B0A1C400042C3C5 /* UI */ = {
			isa = PBXGroup;
			children = (
				270A2DA42D9D7C7F003E3EB9 /* Molecules */,
				71E2C0EE2C10CD7F008AE21D /* Extensions */,
				71FA939D2BFC012E00C9B748 /* Coordinator */,
				710C6FF92BCECC51003851B1 /* Views */,
				8FD3E5902B0A1C4C0042C3C5 /* Managers */,
				71E2C0EB2C10CCB6008AE21D /* ViewModifiers */,
			);
			path = UI;
			sourceTree = "<group>";
		};
		8FD3E5902B0A1C4C0042C3C5 /* Managers */ = {
			isa = PBXGroup;
			children = (
				713466E22BA8B220003BB72A /* Error */,
			);
			path = Managers;
			sourceTree = "<group>";
		};
/* End PBXGroup section */

/* Begin PBXNativeTarget section */
		71A106B22C84F59B00AA5651 /* catOSTests */ = {
			isa = PBXNativeTarget;
			buildConfigurationList = 71A106B92C84F59B00AA5651 /* Build configuration list for PBXNativeTarget "catOSTests" */;
			buildPhases = (
				71A106AF2C84F59B00AA5651 /* Sources */,
				71A106B02C84F59B00AA5651 /* Frameworks */,
				71A106B12C84F59B00AA5651 /* Resources */,
			);
			buildRules = (
			);
			dependencies = (
				71A106B82C84F59B00AA5651 /* PBXTargetDependency */,
			);
			name = catOSTests;
			productName = catOSTests;
			productReference = 71A106B32C84F59B00AA5651 /* catOSTests.xctest */;
			productType = "com.apple.product-type.bundle.unit-test";
		};
		8FD3E57C2B0A1B3F0042C3C5 /* catOS */ = {
			isa = PBXNativeTarget;
			buildConfigurationList = 8FD3E58C2B0A1B400042C3C5 /* Build configuration list for PBXNativeTarget "catOS" */;
			buildPhases = (
				8FD3E5792B0A1B3F0042C3C5 /* Sources */,
				8FD3E57A2B0A1B3F0042C3C5 /* Frameworks */,
				8FD3E57B2B0A1B3F0042C3C5 /* Resources */,
			);
			buildRules = (
			);
			dependencies = (
			);
			name = catOS;
			productName = catOS;
			productReference = 8FD3E57D2B0A1B3F0042C3C5 /* catOS.app */;
			productType = "com.apple.product-type.application";
		};
/* End PBXNativeTarget section */

/* Begin PBXProject section */
		8FD3E5752B0A1B3F0042C3C5 /* Project object */ = {
			isa = PBXProject;
			attributes = {
				BuildIndependentTargetsInParallel = 1;
				LastSwiftUpdateCheck = 1530;
				LastUpgradeCheck = 1530;
				TargetAttributes = {
					71A106B22C84F59B00AA5651 = {
						CreatedOnToolsVersion = 15.3;
						TestTargetID = 8FD3E57C2B0A1B3F0042C3C5;
					};
					8FD3E57C2B0A1B3F0042C3C5 = {
						CreatedOnToolsVersion = 15.0;
					};
				};
			};
			buildConfigurationList = 8FD3E5782B0A1B3F0042C3C5 /* Build configuration list for PBXProject "catOS" */;
			compatibilityVersion = "Xcode 14.0";
			developmentRegion = en;
			hasScannedForEncodings = 0;
			knownRegions = (
				en,
				Base,
			);
			mainGroup = 8FD3E5742B0A1B3F0042C3C5;
			productRefGroup = 8FD3E57E2B0A1B3F0042C3C5 /* Products */;
			projectDirPath = "";
			projectRoot = "";
			targets = (
				8FD3E57C2B0A1B3F0042C3C5 /* catOS */,
				71A106B22C84F59B00AA5651 /* catOSTests */,
			);
		};
/* End PBXProject section */

/* Begin PBXResourcesBuildPhase section */
		71A106B12C84F59B00AA5651 /* Resources */ = {
			isa = PBXResourcesBuildPhase;
			buildActionMask = 2147483647;
			files = (
			);
			runOnlyForDeploymentPostprocessing = 0;
		};
		8FD3E57B2B0A1B3F0042C3C5 /* Resources */ = {
			isa = PBXResourcesBuildPhase;
			buildActionMask = 2147483647;
			files = (
				8FD3E5892B0A1B400042C3C5 /* Preview Assets.xcassets in Resources */,
				8FD3E5852B0A1B400042C3C5 /* Assets.xcassets in Resources */,
				71C143702C25D9F900497724 /* Localizable.xcstrings in Resources */,
			);
			runOnlyForDeploymentPostprocessing = 0;
		};
/* End PBXResourcesBuildPhase section */

/* Begin PBXSourcesBuildPhase section */
		71A106AF2C84F59B00AA5651 /* Sources */ = {
			isa = PBXSourcesBuildPhase;
			buildActionMask = 2147483647;
			files = (
				71A106C12C84FAB200AA5651 /* ApiBreedMapperTests.swift in Sources */,
				71A106BD2C84F81900AA5651 /* BreedTests.swift in Sources */,
				71A106C32C84FC6C00AA5651 /* FeedViewModelTests.swift in Sources */,
				71A106BF2C84F8E400AA5651 /* BreedEntityTests.swift in Sources */,
				71A106B62C84F59B00AA5651 /* CatOSTests.swift in Sources */,
			);
			runOnlyForDeploymentPostprocessing = 0;
		};
		8FD3E5792B0A1B3F0042C3C5 /* Sources */ = {
			isa = PBXSourcesBuildPhase;
			buildActionMask = 2147483647;
			files = (
				71A16B942C2566E4006646A2 /* AppDelegate.swift in Sources */,
				27A477762D9D55AB0032DD9B /* VoteRepositoryDefault.swift in Sources */,
				719DE3D32FBD93C900779264 /* FeedImagesAPIEndpoint.swift in Sources */,
				27A4777A2D9D56EE0032DD9B /* VoteRepositoryMock.swift in Sources */,
				71674CB62BA9AD3F002C0027 /* NetworkReachability.swift in Sources */,
				27A477642D9D51300032DD9B /* GetFavoritesUseCase.swift in Sources */,
				719A86162BD9AF4F0028C674 /* FeedView.swift in Sources */,
				71249C1C2C063632003C1549 /* TabsView.swift in Sources */,
				27A477602D9D4EC20032DD9B /* BreedsRepositoryDefault.swift in Sources */,
				27A477722D9D55930032DD9B /* VoteRepository.swift in Sources */,
				71502EBD2B75566D006DF80B /* ApiBreedMapper.swift in Sources */,
				716B1AD82B680587007CC300 /* FeedImageDTO.swift in Sources */,
				27A4775E2D9D4E8D0032DD9B /* BreedsRepository.swift in Sources */,
				27A477502D9D3AD60032DD9B /* GetFeedImagesUseCase.swift in Sources */,
				27A477622D9D4F520032DD9B /* BreedsRepositoryMock.swift in Sources */,
				712EF04C2C19B61A0075A29A /* FavoriteDTO.swift in Sources */,
				712BD9352B7E97B500DCF07B /* Category.swift in Sources */,
				719DE3CC2FBD90B800779264 /* ApiParamsName.swift in Sources */,
				71FA93A42BFC019800C9B748 /* Navigator.swift in Sources */,
				712EF04E2C19B91E0075A29A /* Favorite.swift in Sources */,
				715578EE2C90F6F0006EC255 /* BreedDetailedViewModel.swift in Sources */,
				713466E42BA8BE1F003BB72A /* CatError.swift in Sources */,
				8FD3E5832B0A1B3F0042C3C5 /* ContentView.swift in Sources */,
				718F9DFA2B6183050089CB8A /* BreedDTO.swift in Sources */,
				719DE3E72FBDA17600779264 /* MyFavoritesAPIEndpoint.swift in Sources */,
				71502EB62B7553B9006DF80B /* ApiTransformer.swift in Sources */,
				719A86142BD97B970028C674 /* CardViewModel.swift in Sources */,
				719DE3E22FBD9D4000779264 /* VoteImageAPIEndpoint.swift in Sources */,
				71502EBB2B755493006DF80B /* Mapper.swift in Sources */,
				716B1AD62B68049A007CC300 /* WeightDTO.swift in Sources */,
				27A477592D9D4BCB0032DD9B /* ImagesRepositoryDefault.swift in Sources */,
				712EF04A2C19B4B10075A29A /* FavoritesViewModel.swift in Sources */,
				71F39BD02C8F47F10021ECA2 /* BreedListItemViewModel.swift in Sources */,
				714D394D2BEAB04700BFF68A /* BreedsViewModel.swift in Sources */,
				713466E12BA8B167003BB72A /* ErrorManager.swift in Sources */,
				719DE3F22FBDAA5000779264 /* BreedAPIEndpoint.swift in Sources */,
				712EF0482C19B4710075A29A /* FavoritesView.swift in Sources */,
				714D394B2BEAA88400BFF68A /* BreedsView.swift in Sources */,
				716B1ADA2B680D7E007CC300 /* FeedImage.swift in Sources */,
				710C6FFB2BCECC9A003851B1 /* CardView.swift in Sources */,
				715578EC2C90F6B5006EC255 /* BreedDetailedView.swift in Sources */,
				27A477522D9D41110032DD9B /* GetBreedUseCase.swift in Sources */,
				71A16B962C256FAC006646A2 /* CustomUserDefaults.swift in Sources */,
				71F39BCE2C8F46510021ECA2 /* BreedListItemView.swift in Sources */,
				7159A71F2C9846EE0094DC9F /* BreedCharacteristicsItemView.swift in Sources */,
				27A477562D9D4B3A0032DD9B /* ImagesRepository.swift in Sources */,
				27A477672D9D51630032DD9B /* FavoritesRepository.swift in Sources */,
				715B008E2C6A5E530034E601 /* RequestManagerProtocol.swift in Sources */,
				710C6FF82BCECA0E003851B1 /* FeedViewModel.swift in Sources */,
				8FD3E5922B0A1C630042C3C5 /* RequestManager.swift in Sources */,
				712BD9332B7E977600DCF07B /* ApiCategoryMapper.swift in Sources */,
				71F025702BEFDFC700CB7112 /* ProfileView.swift in Sources */,
				27A4776F2D9D55410032DD9B /* VoteImageUseCase.swift in Sources */,
				712EF0502C19B9650075A29A /* ApiFavoriteMapper.swift in Sources */,
				27A4776D2D9D53CE0032DD9B /* AddToFavoritesUseCase.swift in Sources */,
				712BD9312B7E96F900DCF07B /* CategoryDTO.swift in Sources */,
				718F9DF52B616B0E0089CB8A /* Breed.swift in Sources */,
				714976152C1712E200D6FE2E /* ButtonGradientOutline.swift in Sources */,
				8FD3E5812B0A1B3F0042C3C5 /* catOSApp.swift in Sources */,
				7159A7212C98476A0094DC9F /* BreedCharacteristicsItemViewModel.swift in Sources */,
				71502EB92B755418006DF80B /* ApiWeightMapper.swift in Sources */,
				719DE3CF2FBD911700779264 /* EnvironmentConfiguration.swift in Sources */,
				712BD9372B7E98BE00DCF07B /* ApiFeedImageMapper.swift in Sources */,
				71E2C0F02C10CD99008AE21D /* ViewExtension.swift in Sources */,
				27A4776B2D9D51C70032DD9B /* FavoritesRepositoryMock.swift in Sources */,
				718F9DF72B616B300089CB8A /* Weight.swift in Sources */,
				719DE3C82FBD904900779264 /* APIRequestDefinition.swift in Sources */,
				71E2C0ED2C10CCCB008AE21D /* ErrorAlert.swift in Sources */,
				719DE3F42FBDC25400779264 /* CatScreens.swift in Sources */,
				27A4775B2D9D4DBE0032DD9B /* ImagesRepositoryMock.swift in Sources */,
				719DE3CA2FBD90AA00779264 /* HTTPMethod.swift in Sources */,
				27A477692D9D517C0032DD9B /* FavoritesRepositoryDefault.swift in Sources */,
				719DE3ED2FBDA3C400779264 /* FavoriteImageAPIEndpoint.swift in Sources */,
				27A477542D9D415F0032DD9B /* GetBreedsUseCase.swift in Sources */,
				71A16B982C2583E0006646A2 /* LoadingView.swift in Sources */,
				719DE3F02FBDA85200779264 /* BreedsAPIEndpoint.swift in Sources */,
			);
			runOnlyForDeploymentPostprocessing = 0;
		};
/* End PBXSourcesBuildPhase section */

/* Begin PBXTargetDependency section */
		71A106B82C84F59B00AA5651 /* PBXTargetDependency */ = {
			isa = PBXTargetDependency;
			target = 8FD3E57C2B0A1B3F0042C3C5 /* catOS */;
			targetProxy = 71A106B72C84F59B00AA5651 /* PBXContainerItemProxy */;
		};
/* End PBXTargetDependency section */

/* Begin XCBuildConfiguration section */
		71A106BA2C84F59B00AA5651 /* Debug */ = {
			isa = XCBuildConfiguration;
			buildSettings = {
				BUNDLE_LOADER = "$(TEST_HOST)";
				CODE_SIGN_STYLE = Automatic;
				CURRENT_PROJECT_VERSION = 1;
				GENERATE_INFOPLIST_FILE = YES;
				IPHONEOS_DEPLOYMENT_TARGET = 16.0;
				MARKETING_VERSION = 1.0;
				PRODUCT_BUNDLE_IDENTIFIER = mm.catOSTests;
				PRODUCT_NAME = "$(TARGET_NAME)";
				SDKROOT = iphoneos;
				SUPPORTED_PLATFORMS = "iphoneos iphonesimulator";
				SUPPORTS_MACCATALYST = NO;
				SWIFT_EMIT_LOC_STRINGS = NO;
				SWIFT_VERSION = 5.0;
				TARGETED_DEVICE_FAMILY = "1,2";
				TEST_HOST = "$(BUILT_PRODUCTS_DIR)/catOS.app/$(BUNDLE_EXECUTABLE_FOLDER_PATH)/catOS";
			};
			name = Debug;
		};
		71A106BB2C84F59B00AA5651 /* Release */ = {
			isa = XCBuildConfiguration;
			buildSettings = {
				BUNDLE_LOADER = "$(TEST_HOST)";
				CODE_SIGN_STYLE = Automatic;
				CURRENT_PROJECT_VERSION = 1;
				GENERATE_INFOPLIST_FILE = YES;
				IPHONEOS_DEPLOYMENT_TARGET = 16.0;
				MARKETING_VERSION = 1.0;
				PRODUCT_BUNDLE_IDENTIFIER = mm.catOSTests;
				PRODUCT_NAME = "$(TARGET_NAME)";
				SDKROOT = iphoneos;
				SUPPORTED_PLATFORMS = "iphoneos iphonesimulator";
				SUPPORTS_MACCATALYST = NO;
				SWIFT_EMIT_LOC_STRINGS = NO;
				SWIFT_VERSION = 5.0;
				TARGETED_DEVICE_FAMILY = "1,2";
				TEST_HOST = "$(BUILT_PRODUCTS_DIR)/catOS.app/$(BUNDLE_EXECUTABLE_FOLDER_PATH)/catOS";
				VALIDATE_PRODUCT = YES;
			};
			name = Release;
		};
		8FD3E58A2B0A1B400042C3C5 /* Debug */ = {
			isa = XCBuildConfiguration;
			buildSettings = {
				ALWAYS_SEARCH_USER_PATHS = NO;
				ASSETCATALOG_COMPILER_GENERATE_SWIFT_ASSET_SYMBOL_EXTENSIONS = YES;
				CLANG_ANALYZER_NONNULL = YES;
				CLANG_ANALYZER_NUMBER_OBJECT_CONVERSION = YES_AGGRESSIVE;
				CLANG_CXX_LANGUAGE_STANDARD = "gnu++20";
				CLANG_ENABLE_MODULES = YES;
				CLANG_ENABLE_OBJC_ARC = YES;
				CLANG_ENABLE_OBJC_WEAK = YES;
				CLANG_WARN_BLOCK_CAPTURE_AUTORELEASING = YES;
				CLANG_WARN_BOOL_CONVERSION = YES;
				CLANG_WARN_COMMA = YES;
				CLANG_WARN_CONSTANT_CONVERSION = YES;
				CLANG_WARN_DEPRECATED_OBJC_IMPLEMENTATIONS = YES;
				CLANG_WARN_DIRECT_OBJC_ISA_USAGE = YES_ERROR;
				CLANG_WARN_DOCUMENTATION_COMMENTS = YES;
				CLANG_WARN_EMPTY_BODY = YES;
				CLANG_WARN_ENUM_CONVERSION = YES;
				CLANG_WARN_INFINITE_RECURSION = YES;
				CLANG_WARN_INT_CONVERSION = YES;
				CLANG_WARN_NON_LITERAL_NULL_CONVERSION = YES;
				CLANG_WARN_OBJC_IMPLICIT_RETAIN_SELF = YES;
				CLANG_WARN_OBJC_LITERAL_CONVERSION = YES;
				CLANG_WARN_OBJC_ROOT_CLASS = YES_ERROR;
				CLANG_WARN_QUOTED_INCLUDE_IN_FRAMEWORK_HEADER = YES;
				CLANG_WARN_RANGE_LOOP_ANALYSIS = YES;
				CLANG_WARN_STRICT_PROTOTYPES = YES;
				CLANG_WARN_SUSPICIOUS_MOVE = YES;
				CLANG_WARN_UNGUARDED_AVAILABILITY = YES_AGGRESSIVE;
				CLANG_WARN_UNREACHABLE_CODE = YES;
				CLANG_WARN__DUPLICATE_METHOD_MATCH = YES;
				COPY_PHASE_STRIP = NO;
				DEAD_CODE_STRIPPING = YES;
				DEBUG_INFORMATION_FORMAT = dwarf;
				ENABLE_STRICT_OBJC_MSGSEND = YES;
				ENABLE_TESTABILITY = YES;
				ENABLE_USER_SCRIPT_SANDBOXING = YES;
				GCC_C_LANGUAGE_STANDARD = gnu17;
				GCC_DYNAMIC_NO_PIC = NO;
				GCC_NO_COMMON_BLOCKS = YES;
				GCC_OPTIMIZATION_LEVEL = 0;
				GCC_PREPROCESSOR_DEFINITIONS = (
					"DEBUG=1",
					"$(inherited)",
				);
				GCC_WARN_64_TO_32_BIT_CONVERSION = YES;
				GCC_WARN_ABOUT_RETURN_TYPE = YES_ERROR;
				GCC_WARN_UNDECLARED_SELECTOR = YES;
				GCC_WARN_UNINITIALIZED_AUTOS = YES_AGGRESSIVE;
				GCC_WARN_UNUSED_FUNCTION = YES;
				GCC_WARN_UNUSED_VARIABLE = YES;
				LOCALIZATION_PREFERS_STRING_CATALOGS = YES;
				MTL_ENABLE_DEBUG_INFO = INCLUDE_SOURCE;
				MTL_FAST_MATH = YES;
				ONLY_ACTIVE_ARCH = YES;
				SWIFT_ACTIVE_COMPILATION_CONDITIONS = "DEBUG $(inherited)";
				SWIFT_OPTIMIZATION_LEVEL = "-Onone";
			};
			name = Debug;
		};
		8FD3E58B2B0A1B400042C3C5 /* Release */ = {
			isa = XCBuildConfiguration;
			buildSettings = {
				ALWAYS_SEARCH_USER_PATHS = NO;
				ASSETCATALOG_COMPILER_GENERATE_SWIFT_ASSET_SYMBOL_EXTENSIONS = YES;
				CLANG_ANALYZER_NONNULL = YES;
				CLANG_ANALYZER_NUMBER_OBJECT_CONVERSION = YES_AGGRESSIVE;
				CLANG_CXX_LANGUAGE_STANDARD = "gnu++20";
				CLANG_ENABLE_MODULES = YES;
				CLANG_ENABLE_OBJC_ARC = YES;
				CLANG_ENABLE_OBJC_WEAK = YES;
				CLANG_WARN_BLOCK_CAPTURE_AUTORELEASING = YES;
				CLANG_WARN_BOOL_CONVERSION = YES;
				CLANG_WARN_COMMA = YES;
				CLANG_WARN_CONSTANT_CONVERSION = YES;
				CLANG_WARN_DEPRECATED_OBJC_IMPLEMENTATIONS = YES;
				CLANG_WARN_DIRECT_OBJC_ISA_USAGE = YES_ERROR;
				CLANG_WARN_DOCUMENTATION_COMMENTS = YES;
				CLANG_WARN_EMPTY_BODY = YES;
				CLANG_WARN_ENUM_CONVERSION = YES;
				CLANG_WARN_INFINITE_RECURSION = YES;
				CLANG_WARN_INT_CONVERSION = YES;
				CLANG_WARN_NON_LITERAL_NULL_CONVERSION = YES;
				CLANG_WARN_OBJC_IMPLICIT_RETAIN_SELF = YES;
				CLANG_WARN_OBJC_LITERAL_CONVERSION = YES;
				CLANG_WARN_OBJC_ROOT_CLASS = YES_ERROR;
				CLANG_WARN_QUOTED_INCLUDE_IN_FRAMEWORK_HEADER = YES;
				CLANG_WARN_RANGE_LOOP_ANALYSIS = YES;
				CLANG_WARN_STRICT_PROTOTYPES = YES;
				CLANG_WARN_SUSPICIOUS_MOVE = YES;
				CLANG_WARN_UNGUARDED_AVAILABILITY = YES_AGGRESSIVE;
				CLANG_WARN_UNREACHABLE_CODE = YES;
				CLANG_WARN__DUPLICATE_METHOD_MATCH = YES;
				COPY_PHASE_STRIP = NO;
				DEAD_CODE_STRIPPING = YES;
				DEBUG_INFORMATION_FORMAT = "dwarf-with-dsym";
				ENABLE_NS_ASSERTIONS = NO;
				ENABLE_STRICT_OBJC_MSGSEND = YES;
				ENABLE_USER_SCRIPT_SANDBOXING = YES;
				GCC_C_LANGUAGE_STANDARD = gnu17;
				GCC_NO_COMMON_BLOCKS = YES;
				GCC_WARN_64_TO_32_BIT_CONVERSION = YES;
				GCC_WARN_ABOUT_RETURN_TYPE = YES_ERROR;
				GCC_WARN_UNDECLARED_SELECTOR = YES;
				GCC_WARN_UNINITIALIZED_AUTOS = YES_AGGRESSIVE;
				GCC_WARN_UNUSED_FUNCTION = YES;
				GCC_WARN_UNUSED_VARIABLE = YES;
				LOCALIZATION_PREFERS_STRING_CATALOGS = YES;
				MTL_ENABLE_DEBUG_INFO = NO;
				MTL_FAST_MATH = YES;
				SWIFT_COMPILATION_MODE = wholemodule;
			};
			name = Release;
		};
		8FD3E58D2B0A1B400042C3C5 /* Debug */ = {
			isa = XCBuildConfiguration;
			buildSettings = {
				ASSETCATALOG_COMPILER_APPICON_NAME = AppIcon;
				ASSETCATALOG_COMPILER_GLOBAL_ACCENT_COLOR_NAME = AccentColor;
				CODE_SIGN_ENTITLEMENTS = catOS/catOS.entitlements;
				CODE_SIGN_STYLE = Automatic;
				CURRENT_PROJECT_VERSION = 1;
				DEAD_CODE_STRIPPING = YES;
				DEVELOPMENT_ASSET_PATHS = "\"catOS/Preview Content\"";
				ENABLE_PREVIEWS = YES;
				GENERATE_INFOPLIST_FILE = NO;
				INFOPLIST_FILE = catOS/Info.plist;
				"INFOPLIST_KEY_UIApplicationSceneManifest_Generation[sdk=iphoneos*]" = YES;
				"INFOPLIST_KEY_UIApplicationSceneManifest_Generation[sdk=iphonesimulator*]" = YES;
				"INFOPLIST_KEY_UIApplicationSupportsIndirectInputEvents[sdk=iphoneos*]" = YES;
				"INFOPLIST_KEY_UIApplicationSupportsIndirectInputEvents[sdk=iphonesimulator*]" = YES;
				"INFOPLIST_KEY_UILaunchScreen_Generation[sdk=iphoneos*]" = YES;
				"INFOPLIST_KEY_UILaunchScreen_Generation[sdk=iphonesimulator*]" = YES;
				"INFOPLIST_KEY_UIStatusBarStyle[sdk=iphoneos*]" = UIStatusBarStyleDefault;
				"INFOPLIST_KEY_UIStatusBarStyle[sdk=iphonesimulator*]" = UIStatusBarStyleDefault;
				INFOPLIST_KEY_UISupportedInterfaceOrientations_iPad = "UIInterfaceOrientationPortrait UIInterfaceOrientationPortraitUpsideDown UIInterfaceOrientationLandscapeLeft UIInterfaceOrientationLandscapeRight";
				INFOPLIST_KEY_UISupportedInterfaceOrientations_iPhone = "UIInterfaceOrientationPortrait UIInterfaceOrientationLandscapeLeft UIInterfaceOrientationLandscapeRight";
				IPHONEOS_DEPLOYMENT_TARGET = 16.0;
				LD_RUNPATH_SEARCH_PATHS = "@executable_path/Frameworks";
				"LD_RUNPATH_SEARCH_PATHS[sdk=macosx*]" = "@executable_path/../Frameworks";
				MACOSX_DEPLOYMENT_TARGET = 14.0;
				MARKETING_VERSION = 1.0;
				PRODUCT_BUNDLE_IDENTIFIER = mm.app.catOS;
				PRODUCT_NAME = "$(TARGET_NAME)";
				SDKROOT = auto;
				SUPPORTED_PLATFORMS = "iphoneos iphonesimulator";
				SUPPORTS_MACCATALYST = NO;
				SWIFT_EMIT_LOC_STRINGS = YES;
				SWIFT_VERSION = 5.0;
				TARGETED_DEVICE_FAMILY = "1,2";
			};
			name = Debug;
		};
		8FD3E58E2B0A1B400042C3C5 /* Release */ = {
			isa = XCBuildConfiguration;
			buildSettings = {
				ASSETCATALOG_COMPILER_APPICON_NAME = AppIcon;
				ASSETCATALOG_COMPILER_GLOBAL_ACCENT_COLOR_NAME = AccentColor;
				CODE_SIGN_ENTITLEMENTS = catOS/catOS.entitlements;
				CODE_SIGN_STYLE = Automatic;
				CURRENT_PROJECT_VERSION = 1;
				DEAD_CODE_STRIPPING = YES;
				DEVELOPMENT_ASSET_PATHS = "\"catOS/Preview Content\"";
				ENABLE_PREVIEWS = YES;
				GENERATE_INFOPLIST_FILE = NO;
				INFOPLIST_FILE = catOS/Info.plist;
				"INFOPLIST_KEY_UIApplicationSceneManifest_Generation[sdk=iphoneos*]" = YES;
				"INFOPLIST_KEY_UIApplicationSceneManifest_Generation[sdk=iphonesimulator*]" = YES;
				"INFOPLIST_KEY_UIApplicationSupportsIndirectInputEvents[sdk=iphoneos*]" = YES;
				"INFOPLIST_KEY_UIApplicationSupportsIndirectInputEvents[sdk=iphonesimulator*]" = YES;
				"INFOPLIST_KEY_UILaunchScreen_Generation[sdk=iphoneos*]" = YES;
				"INFOPLIST_KEY_UILaunchScreen_Generation[sdk=iphonesimulator*]" = YES;
				"INFOPLIST_KEY_UIStatusBarStyle[sdk=iphoneos*]" = UIStatusBarStyleDefault;
				"INFOPLIST_KEY_UIStatusBarStyle[sdk=iphonesimulator*]" = UIStatusBarStyleDefault;
				INFOPLIST_KEY_UISupportedInterfaceOrientations_iPad = "UIInterfaceOrientationPortrait UIInterfaceOrientationPortraitUpsideDown UIInterfaceOrientationLandscapeLeft UIInterfaceOrientationLandscapeRight";
				INFOPLIST_KEY_UISupportedInterfaceOrientations_iPhone = "UIInterfaceOrientationPortrait UIInterfaceOrientationLandscapeLeft UIInterfaceOrientationLandscapeRight";
				IPHONEOS_DEPLOYMENT_TARGET = 16.0;
				LD_RUNPATH_SEARCH_PATHS = "@executable_path/Frameworks";
				"LD_RUNPATH_SEARCH_PATHS[sdk=macosx*]" = "@executable_path/../Frameworks";
				MACOSX_DEPLOYMENT_TARGET = 14.0;
				MARKETING_VERSION = 1.0;
				PRODUCT_BUNDLE_IDENTIFIER = mm.app.catOS;
				PRODUCT_NAME = "$(TARGET_NAME)";
				SDKROOT = auto;
				SUPPORTED_PLATFORMS = "iphoneos iphonesimulator";
				SUPPORTS_MACCATALYST = NO;
				SWIFT_EMIT_LOC_STRINGS = YES;
				SWIFT_VERSION = 5.0;
				TARGETED_DEVICE_FAMILY = "1,2";
			};
			name = Release;
		};
/* End XCBuildConfiguration section */

/* Begin XCConfigurationList section */
		71A106B92C84F59B00AA5651 /* Build configuration list for PBXNativeTarget "catOSTests" */ = {
			isa = XCConfigurationList;
			buildConfigurations = (
				71A106BA2C84F59B00AA5651 /* Debug */,
				71A106BB2C84F59B00AA5651 /* Release */,
			);
			defaultConfigurationIsVisible = 0;
			defaultConfigurationName = Release;
		};
		8FD3E5782B0A1B3F0042C3C5 /* Build configuration list for PBXProject "catOS" */ = {
			isa = XCConfigurationList;
			buildConfigurations = (
				8FD3E58A2B0A1B400042C3C5 /* Debug */,
				8FD3E58B2B0A1B400042C3C5 /* Release */,
			);
			defaultConfigurationIsVisible = 0;
			defaultConfigurationName = Release;
		};
		8FD3E58C2B0A1B400042C3C5 /* Build configuration list for PBXNativeTarget "catOS" */ = {
			isa = XCConfigurationList;
			buildConfigurations = (
				8FD3E58D2B0A1B400042C3C5 /* Debug */,
				8FD3E58E2B0A1B400042C3C5 /* Release */,
			);
			defaultConfigurationIsVisible = 0;
			defaultConfigurationName = Release;
		};
/* End XCConfigurationList section */
	};
	rootObject = 8FD3E5752B0A1B3F0042C3C5 /* Project object */;
}
